// !$*UTF8*$!
{
	archiveVersion = 1;
	classes = {
	};
	objectVersion = 46;
	objects = {

/* Begin PBXBuildFile section */
		AF24B6B01852FD8D00271590 /* MainMenu.xib in Resources */ = {isa = PBXBuildFile; fileRef = AF6B9AE8185059C800926842 /* MainMenu.xib */; };
		AF401BFB184A70FE0026171A /* Foundation.framework in Frameworks */ = {isa = PBXBuildFile; fileRef = AF401BFA184A70FE0026171A /* Foundation.framework */; };
		AF401BFD184A70FE0026171A /* CoreGraphics.framework in Frameworks */ = {isa = PBXBuildFile; fileRef = AF401BFC184A70FE0026171A /* CoreGraphics.framework */; };
		AF401BFF184A70FE0026171A /* UIKit.framework in Frameworks */ = {isa = PBXBuildFile; fileRef = AF401BFE184A70FE0026171A /* UIKit.framework */; };
		AF401C05184A70FE0026171A /* InfoPlist.strings in Resources */ = {isa = PBXBuildFile; fileRef = AF401C03184A70FE0026171A /* InfoPlist.strings */; };
		AF401C07184A70FE0026171A /* main.m in Sources */ = {isa = PBXBuildFile; fileRef = AF401C06184A70FE0026171A /* main.m */; };
		AF401C0B184A70FE0026171A /* ESAppDelegate.m in Sources */ = {isa = PBXBuildFile; fileRef = AF401C0A184A70FE0026171A /* ESAppDelegate.m */; };
		AF401C0E184A70FE0026171A /* Main.storyboard in Resources */ = {isa = PBXBuildFile; fileRef = AF401C0C184A70FE0026171A /* Main.storyboard */; };
		AF401C11184A70FE0026171A /* ESViewController.m in Sources */ = {isa = PBXBuildFile; fileRef = AF401C10184A70FE0026171A /* ESViewController.m */; };
		AF401C13184A70FE0026171A /* Images.xcassets in Resources */ = {isa = PBXBuildFile; fileRef = AF401C12184A70FE0026171A /* Images.xcassets */; };
		AF44F486185472350024172B /* ETBase-OSX.framework in Frameworks */ = {isa = PBXBuildFile; fileRef = AF44F484185472350024172B /* ETBase-OSX.framework */; };
		AF44F487185472350024172B /* ETConnect-OSX.framework in Frameworks */ = {isa = PBXBuildFile; fileRef = AF44F485185472350024172B /* ETConnect-OSX.framework */; };
		AF44F48A185472640024172B /* ETBase.framework in Frameworks */ = {isa = PBXBuildFile; fileRef = AF44F488185472640024172B /* ETBase.framework */; };
		AF44F48C185475E30024172B /* ETBase-OSX.framework in CopyFiles */ = {isa = PBXBuildFile; fileRef = AF44F484185472350024172B /* ETBase-OSX.framework */; };
		AF44F48D185475E80024172B /* ETConnect-OSX.framework in CopyFiles */ = {isa = PBXBuildFile; fileRef = AF44F485185472350024172B /* ETConnect-OSX.framework */; };
		AF44F48F1854783A0024172B /* ETConnect.framework in Frameworks */ = {isa = PBXBuildFile; fileRef = AF44F48E1854783A0024172B /* ETConnect.framework */; };
		AF44F4911854805C0024172B /* icon_bluetooth_0256.png in Resources */ = {isa = PBXBuildFile; fileRef = AF44F4901854805C0024172B /* icon_bluetooth_0256.png */; };
		AF44F4921854805C0024172B /* icon_bluetooth_0256.png in Resources */ = {isa = PBXBuildFile; fileRef = AF44F4901854805C0024172B /* icon_bluetooth_0256.png */; };
		AF6B9AD4185059C800926842 /* Cocoa.framework in Frameworks */ = {isa = PBXBuildFile; fileRef = AF6B9AD3185059C800926842 /* Cocoa.framework */; };
		AF6B9ADE185059C800926842 /* InfoPlist.strings in Resources */ = {isa = PBXBuildFile; fileRef = AF6B9ADC185059C800926842 /* InfoPlist.strings */; };
		AF6B9AE0185059C800926842 /* main.m in Sources */ = {isa = PBXBuildFile; fileRef = AF6B9ADF185059C800926842 /* main.m */; };
		AF6B9AE4185059C800926842 /* Credits.rtf in Resources */ = {isa = PBXBuildFile; fileRef = AF6B9AE2185059C800926842 /* Credits.rtf */; };
		AF6B9AE7185059C800926842 /* ESAppDelegate.m in Sources */ = {isa = PBXBuildFile; fileRef = AF6B9AE6185059C800926842 /* ESAppDelegate.m */; };
		AF6B9AEC185059C800926842 /* Images.xcassets in Resources */ = {isa = PBXBuildFile; fileRef = AF6B9AEB185059C800926842 /* Images.xcassets */; };
		AF6B9B4118505F0900926842 /* ESRemoteObject.m in Sources */ = {isa = PBXBuildFile; fileRef = AFDB61CB184DE70C00B1C6E9 /* ESRemoteObject.m */; };
		AF86BE891852020000CFBEA6 /* etDemo Icon_0120 transparent_off.png in Resources */ = {isa = PBXBuildFile; fileRef = AFDB6205184E1CB300B1C6E9 /* etDemo Icon_0120 transparent_off.png */; };
		AF86BE8A1852020000CFBEA6 /* etDemo Icon_0120 transparent_on.png in Resources */ = {isa = PBXBuildFile; fileRef = AFDB6206184E1CB300B1C6E9 /* etDemo Icon_0120 transparent_on.png */; };
		AF86BE8B1852020000CFBEA6 /* eiShare Icon_0029.png in Resources */ = {isa = PBXBuildFile; fileRef = AFDB61F3184E0EC300B1C6E9 /* eiShare Icon_0029.png */; };
		AF86BE8C1852020000CFBEA6 /* eiShare Icon_0057.png in Resources */ = {isa = PBXBuildFile; fileRef = AFDB61F4184E0EC300B1C6E9 /* eiShare Icon_0057.png */; };
		AF86BE8D1852020000CFBEA6 /* eiShare Icon_0058.png in Resources */ = {isa = PBXBuildFile; fileRef = AFDB61F5184E0EC300B1C6E9 /* eiShare Icon_0058.png */; };
		AF86BE8E1852020000CFBEA6 /* eiShare Icon_0080.png in Resources */ = {isa = PBXBuildFile; fileRef = AFDB61F6184E0EC300B1C6E9 /* eiShare Icon_0080.png */; };
		AF86BE8F1852020000CFBEA6 /* eiShare Icon_0114.png in Resources */ = {isa = PBXBuildFile; fileRef = AFDB61F7184E0EC300B1C6E9 /* eiShare Icon_0114.png */; };
		AF86BE901852020000CFBEA6 /* eiShare Icon_0120 transparent.png in Resources */ = {isa = PBXBuildFile; fileRef = AFDB61F8184E0EC300B1C6E9 /* eiShare Icon_0120 transparent.png */; };
		AF86BE911852020000CFBEA6 /* eiShare Icon_0120.png in Resources */ = {isa = PBXBuildFile; fileRef = AFDB61F9184E0EC300B1C6E9 /* eiShare Icon_0120.png */; };
		AF86BE921852020000CFBEA6 /* eiShare Icon_0512.png in Resources */ = {isa = PBXBuildFile; fileRef = AFDB61FA184E0EC300B1C6E9 /* eiShare Icon_0512.png */; };
		AF86BE931852020000CFBEA6 /* eiShare Icon_1024.png in Resources */ = {isa = PBXBuildFile; fileRef = AFDB61FB184E0EC300B1C6E9 /* eiShare Icon_1024.png */; };
		AFB24DB2185061BD00643B96 /* ESMainView.m in Sources */ = {isa = PBXBuildFile; fileRef = AFB24DB1185061BD00643B96 /* ESMainView.m */; };
		AFDB61CC184DE70C00B1C6E9 /* ESRemoteObject.m in Sources */ = {isa = PBXBuildFile; fileRef = AFDB61CB184DE70C00B1C6E9 /* ESRemoteObject.m */; };
		AFDB61FC184E0EC300B1C6E9 /* eiShare Icon_0029.png in Resources */ = {isa = PBXBuildFile; fileRef = AFDB61F3184E0EC300B1C6E9 /* eiShare Icon_0029.png */; };
		AFDB61FD184E0EC300B1C6E9 /* eiShare Icon_0057.png in Resources */ = {isa = PBXBuildFile; fileRef = AFDB61F4184E0EC300B1C6E9 /* eiShare Icon_0057.png */; };
		AFDB61FE184E0EC300B1C6E9 /* eiShare Icon_0058.png in Resources */ = {isa = PBXBuildFile; fileRef = AFDB61F5184E0EC300B1C6E9 /* eiShare Icon_0058.png */; };
		AFDB61FF184E0EC300B1C6E9 /* eiShare Icon_0080.png in Resources */ = {isa = PBXBuildFile; fileRef = AFDB61F6184E0EC300B1C6E9 /* eiShare Icon_0080.png */; };
		AFDB6200184E0EC300B1C6E9 /* eiShare Icon_0114.png in Resources */ = {isa = PBXBuildFile; fileRef = AFDB61F7184E0EC300B1C6E9 /* eiShare Icon_0114.png */; };
		AFDB6201184E0EC300B1C6E9 /* eiShare Icon_0120 transparent.png in Resources */ = {isa = PBXBuildFile; fileRef = AFDB61F8184E0EC300B1C6E9 /* eiShare Icon_0120 transparent.png */; };
		AFDB6202184E0EC300B1C6E9 /* eiShare Icon_0120.png in Resources */ = {isa = PBXBuildFile; fileRef = AFDB61F9184E0EC300B1C6E9 /* eiShare Icon_0120.png */; };
		AFDB6203184E0EC300B1C6E9 /* eiShare Icon_0512.png in Resources */ = {isa = PBXBuildFile; fileRef = AFDB61FA184E0EC300B1C6E9 /* eiShare Icon_0512.png */; };
		AFDB6204184E0EC300B1C6E9 /* eiShare Icon_1024.png in Resources */ = {isa = PBXBuildFile; fileRef = AFDB61FB184E0EC300B1C6E9 /* eiShare Icon_1024.png */; };
		AFDB6207184E1CB300B1C6E9 /* etDemo Icon_0120 transparent_off.png in Resources */ = {isa = PBXBuildFile; fileRef = AFDB6205184E1CB300B1C6E9 /* etDemo Icon_0120 transparent_off.png */; };
		AFDB6208184E1CB300B1C6E9 /* etDemo Icon_0120 transparent_on.png in Resources */ = {isa = PBXBuildFile; fileRef = AFDB6206184E1CB300B1C6E9 /* etDemo Icon_0120 transparent_on.png */; };
		AFDB620B184E1FC800B1C6E9 /* ESDetailViewController.m in Sources */ = {isa = PBXBuildFile; fileRef = AFDB620A184E1FC800B1C6E9 /* ESDetailViewController.m */; };
/* End PBXBuildFile section */

/* Begin PBXCopyFilesBuildPhase section */
		AF24B6B21852FE7100271590 /* CopyFiles */ = {
			isa = PBXCopyFilesBuildPhase;
			buildActionMask = 2147483647;
			dstPath = "";
			dstSubfolderSpec = 16;
			files = (
				AF44F48D185475E80024172B /* ETConnect-OSX.framework in CopyFiles */,
				AF44F48C185475E30024172B /* ETBase-OSX.framework in CopyFiles */,
			);
			runOnlyForDeploymentPostprocessing = 0;
		};
/* End PBXCopyFilesBuildPhase section */

/* Begin PBXFileReference section */
		AF401BF7184A70FE0026171A /* etConnect-Demo.app */ = {isa = PBXFileReference; explicitFileType = wrapper.application; includeInIndex = 0; path = "etConnect-Demo.app"; sourceTree = BUILT_PRODUCTS_DIR; };
		AF401BFA184A70FE0026171A /* Foundation.framework */ = {isa = PBXFileReference; lastKnownFileType = wrapper.framework; name = Foundation.framework; path = System/Library/Frameworks/Foundation.framework; sourceTree = SDKROOT; };
		AF401BFC184A70FE0026171A /* CoreGraphics.framework */ = {isa = PBXFileReference; lastKnownFileType = wrapper.framework; name = CoreGraphics.framework; path = System/Library/Frameworks/CoreGraphics.framework; sourceTree = SDKROOT; };
		AF401BFE184A70FE0026171A /* UIKit.framework */ = {isa = PBXFileReference; lastKnownFileType = wrapper.framework; name = UIKit.framework; path = System/Library/Frameworks/UIKit.framework; sourceTree = SDKROOT; };
		AF401C02184A70FE0026171A /* etConnect-Demo-Info.plist */ = {isa = PBXFileReference; lastKnownFileType = text.plist.xml; path = "etConnect-Demo-Info.plist"; sourceTree = "<group>"; };
		AF401C04184A70FE0026171A /* en */ = {isa = PBXFileReference; lastKnownFileType = text.plist.strings; name = en; path = en.lproj/InfoPlist.strings; sourceTree = "<group>"; };
		AF401C06184A70FE0026171A /* main.m */ = {isa = PBXFileReference; lastKnownFileType = sourcecode.c.objc; path = main.m; sourceTree = "<group>"; };
		AF401C08184A70FE0026171A /* etConnect-Demo-Prefix.pch */ = {isa = PBXFileReference; lastKnownFileType = sourcecode.c.h; path = "etConnect-Demo-Prefix.pch"; sourceTree = "<group>"; };
		AF401C09184A70FE0026171A /* ESAppDelegate.h */ = {isa = PBXFileReference; lastKnownFileType = sourcecode.c.h; path = ESAppDelegate.h; sourceTree = "<group>"; };
		AF401C0A184A70FE0026171A /* ESAppDelegate.m */ = {isa = PBXFileReference; lastKnownFileType = sourcecode.c.objc; path = ESAppDelegate.m; sourceTree = "<group>"; };
		AF401C0D184A70FE0026171A /* Base */ = {isa = PBXFileReference; lastKnownFileType = file.storyboard; name = Base; path = Base.lproj/Main.storyboard; sourceTree = "<group>"; };
		AF401C0F184A70FE0026171A /* ESViewController.h */ = {isa = PBXFileReference; lastKnownFileType = sourcecode.c.h; path = ESViewController.h; sourceTree = "<group>"; };
		AF401C10184A70FE0026171A /* ESViewController.m */ = {isa = PBXFileReference; lastKnownFileType = sourcecode.c.objc; path = ESViewController.m; sourceTree = "<group>"; };
		AF401C12184A70FE0026171A /* Images.xcassets */ = {isa = PBXFileReference; lastKnownFileType = folder.assetcatalog; path = Images.xcassets; sourceTree = "<group>"; };
		AF401C19184A70FE0026171A /* XCTest.framework */ = {isa = PBXFileReference; lastKnownFileType = wrapper.framework; name = XCTest.framework; path = Library/Frameworks/XCTest.framework; sourceTree = DEVELOPER_DIR; };
		AF44F484185472350024172B /* ETBase-OSX.framework */ = {isa = PBXFileReference; lastKnownFileType = wrapper.framework; path = "ETBase-OSX.framework"; sourceTree = "<group>"; };
		AF44F485185472350024172B /* ETConnect-OSX.framework */ = {isa = PBXFileReference; lastKnownFileType = wrapper.framework; path = "ETConnect-OSX.framework"; sourceTree = "<group>"; };
		AF44F488185472640024172B /* ETBase.framework */ = {isa = PBXFileReference; lastKnownFileType = wrapper.framework; path = ETBase.framework; sourceTree = "<group>"; };
		AF44F48E1854783A0024172B /* ETConnect.framework */ = {isa = PBXFileReference; lastKnownFileType = wrapper.framework; path = ETConnect.framework; sourceTree = "<group>"; };
		AF44F4901854805C0024172B /* icon_bluetooth_0256.png */ = {isa = PBXFileReference; lastKnownFileType = image.png; path = icon_bluetooth_0256.png; sourceTree = "<group>"; };
		AF6B9AB3184F544300926842 /* EIConnection.html */ = {isa = PBXFileReference; lastKnownFileType = text.html.documentation; path = EIConnection.html; sourceTree = "<group>"; };
		AF6B9AB4184F544300926842 /* EIConnectionServer.html */ = {isa = PBXFileReference; lastKnownFileType = text.html.documentation; path = EIConnectionServer.html; sourceTree = "<group>"; };
		AF6B9AB5184F544300926842 /* EIDistantObject.html */ = {isa = PBXFileReference; lastKnownFileType = text.html.documentation; path = EIDistantObject.html; sourceTree = "<group>"; };
		AF6B9AB6184F544300926842 /* EINetConnection.html */ = {isa = PBXFileReference; lastKnownFileType = text.html.documentation; path = EINetConnection.html; sourceTree = "<group>"; };
		AF6B9AB7184F544300926842 /* ETConnectServer.html */ = {isa = PBXFileReference; lastKnownFileType = text.html.documentation; path = ETConnectServer.html; sourceTree = "<group>"; };
		AF6B9AB9184F544300926842 /* styles.css */ = {isa = PBXFileReference; lastKnownFileType = text.css; path = styles.css; sourceTree = "<group>"; };
		AF6B9ABA184F544300926842 /* stylesPrint.css */ = {isa = PBXFileReference; lastKnownFileType = text.css; path = stylesPrint.css; sourceTree = "<group>"; };
		AF6B9ABB184F544300926842 /* hierarchy.html */ = {isa = PBXFileReference; lastKnownFileType = text.html.documentation; path = hierarchy.html; sourceTree = "<group>"; };
		AF6B9ABD184F544300926842 /* button_bar_background.png */ = {isa = PBXFileReference; lastKnownFileType = image.png; path = button_bar_background.png; sourceTree = "<group>"; };
		AF6B9ABE184F544300926842 /* disclosure.png */ = {isa = PBXFileReference; lastKnownFileType = image.png; path = disclosure.png; sourceTree = "<group>"; };
		AF6B9ABF184F544300926842 /* disclosure_open.png */ = {isa = PBXFileReference; lastKnownFileType = image.png; path = disclosure_open.png; sourceTree = "<group>"; };
		AF6B9AC0184F544300926842 /* library_background.png */ = {isa = PBXFileReference; lastKnownFileType = image.png; path = library_background.png; sourceTree = "<group>"; };
		AF6B9AC1184F544300926842 /* title_background.png */ = {isa = PBXFileReference; lastKnownFileType = image.png; path = title_background.png; sourceTree = "<group>"; };
		AF6B9AC2184F544300926842 /* index.html */ = {isa = PBXFileReference; lastKnownFileType = text.html.documentation; path = index.html; sourceTree = "<group>"; };
		AF6B9AC4184F544300926842 /* EIConnectionDelegate.html */ = {isa = PBXFileReference; lastKnownFileType = text.html.documentation; path = EIConnectionDelegate.html; sourceTree = "<group>"; };
		AF6B9AC5184F544300926842 /* EIConnectionServerDelegate.html */ = {isa = PBXFileReference; lastKnownFileType = text.html.documentation; path = EIConnectionServerDelegate.html; sourceTree = "<group>"; };
		AF6B9AC6184F544300926842 /* EINetConnectionDelegate.html */ = {isa = PBXFileReference; lastKnownFileType = text.html.documentation; path = EINetConnectionDelegate.html; sourceTree = "<group>"; };
		AF6B9AC7184F544300926842 /* EINetConnectionInStreamDelegate.html */ = {isa = PBXFileReference; lastKnownFileType = text.html.documentation; path = EINetConnectionInStreamDelegate.html; sourceTree = "<group>"; };
		AF6B9AC8184F544300926842 /* ETConnectServerNotificationsDelegate.html */ = {isa = PBXFileReference; lastKnownFileType = text.html.documentation; path = ETConnectServerNotificationsDelegate.html; sourceTree = "<group>"; };
		AF6B9AD2185059C800926842 /* etConnect-Demo OSX.app */ = {isa = PBXFileReference; explicitFileType = wrapper.application; includeInIndex = 0; path = "etConnect-Demo OSX.app"; sourceTree = BUILT_PRODUCTS_DIR; };
		AF6B9AD3185059C800926842 /* Cocoa.framework */ = {isa = PBXFileReference; lastKnownFileType = wrapper.framework; name = Cocoa.framework; path = Library/Frameworks/Cocoa.framework; sourceTree = DEVELOPER_DIR; };
		AF6B9AD6185059C800926842 /* AppKit.framework */ = {isa = PBXFileReference; lastKnownFileType = wrapper.framework; name = AppKit.framework; path = Library/Frameworks/AppKit.framework; sourceTree = SDKROOT; };
		AF6B9AD7185059C800926842 /* CoreData.framework */ = {isa = PBXFileReference; lastKnownFileType = wrapper.framework; name = CoreData.framework; path = Library/Frameworks/CoreData.framework; sourceTree = SDKROOT; };
		AF6B9AD8185059C800926842 /* Foundation.framework */ = {isa = PBXFileReference; lastKnownFileType = wrapper.framework; name = Foundation.framework; path = Library/Frameworks/Foundation.framework; sourceTree = SDKROOT; };
		AF6B9ADB185059C800926842 /* etConnect-Demo OSX-Info.plist */ = {isa = PBXFileReference; lastKnownFileType = text.plist.xml; path = "etConnect-Demo OSX-Info.plist"; sourceTree = "<group>"; };
		AF6B9ADD185059C800926842 /* en */ = {isa = PBXFileReference; lastKnownFileType = text.plist.strings; name = en; path = en.lproj/InfoPlist.strings; sourceTree = "<group>"; };
		AF6B9ADF185059C800926842 /* main.m */ = {isa = PBXFileReference; lastKnownFileType = sourcecode.c.objc; path = main.m; sourceTree = "<group>"; };
		AF6B9AE1185059C800926842 /* etConnect-Demo OSX-Prefix.pch */ = {isa = PBXFileReference; lastKnownFileType = sourcecode.c.h; path = "etConnect-Demo OSX-Prefix.pch"; sourceTree = "<group>"; };
		AF6B9AE3185059C800926842 /* en */ = {isa = PBXFileReference; lastKnownFileType = text.rtf; name = en; path = en.lproj/Credits.rtf; sourceTree = "<group>"; };
		AF6B9AE5185059C800926842 /* ESAppDelegate.h */ = {isa = PBXFileReference; lastKnownFileType = sourcecode.c.h; path = ESAppDelegate.h; sourceTree = "<group>"; };
		AF6B9AE6185059C800926842 /* ESAppDelegate.m */ = {isa = PBXFileReference; lastKnownFileType = sourcecode.c.objc; path = ESAppDelegate.m; sourceTree = "<group>"; };
		AF6B9AE9185059C800926842 /* Base */ = {isa = PBXFileReference; lastKnownFileType = file.xib; name = Base; path = Base.lproj/MainMenu.xib; sourceTree = "<group>"; };
		AF6B9AEB185059C800926842 /* Images.xcassets */ = {isa = PBXFileReference; lastKnownFileType = folder.assetcatalog; path = Images.xcassets; sourceTree = "<group>"; };
		AFB24DB0185061BD00643B96 /* ESMainView.h */ = {isa = PBXFileReference; fileEncoding = 4; lastKnownFileType = sourcecode.c.h; path = ESMainView.h; sourceTree = "<group>"; };
		AFB24DB1185061BD00643B96 /* ESMainView.m */ = {isa = PBXFileReference; fileEncoding = 4; lastKnownFileType = sourcecode.c.objc; path = ESMainView.m; sourceTree = "<group>"; };
		AFC1D504184A72EB0043204A /* LICENSE */ = {isa = PBXFileReference; fileEncoding = 4; lastKnownFileType = text; path = LICENSE; sourceTree = "<group>"; };
		AFC1D505184A72EB0043204A /* README.md */ = {isa = PBXFileReference; fileEncoding = 4; lastKnownFileType = text; path = README.md; sourceTree = "<group>"; };
		AFDB61CA184DE70C00B1C6E9 /* ESRemoteObject.h */ = {isa = PBXFileReference; fileEncoding = 4; lastKnownFileType = sourcecode.c.h; path = ESRemoteObject.h; sourceTree = "<group>"; };
		AFDB61CB184DE70C00B1C6E9 /* ESRemoteObject.m */ = {isa = PBXFileReference; fileEncoding = 4; lastKnownFileType = sourcecode.c.objc; path = ESRemoteObject.m; sourceTree = "<group>"; };
		AFDB61F3184E0EC300B1C6E9 /* eiShare Icon_0029.png */ = {isa = PBXFileReference; lastKnownFileType = image.png; path = "eiShare Icon_0029.png"; sourceTree = "<group>"; };
		AFDB61F4184E0EC300B1C6E9 /* eiShare Icon_0057.png */ = {isa = PBXFileReference; lastKnownFileType = image.png; path = "eiShare Icon_0057.png"; sourceTree = "<group>"; };
		AFDB61F5184E0EC300B1C6E9 /* eiShare Icon_0058.png */ = {isa = PBXFileReference; lastKnownFileType = image.png; path = "eiShare Icon_0058.png"; sourceTree = "<group>"; };
		AFDB61F6184E0EC300B1C6E9 /* eiShare Icon_0080.png */ = {isa = PBXFileReference; lastKnownFileType = image.png; path = "eiShare Icon_0080.png"; sourceTree = "<group>"; };
		AFDB61F7184E0EC300B1C6E9 /* eiShare Icon_0114.png */ = {isa = PBXFileReference; lastKnownFileType = image.png; path = "eiShare Icon_0114.png"; sourceTree = "<group>"; };
		AFDB61F8184E0EC300B1C6E9 /* eiShare Icon_0120 transparent.png */ = {isa = PBXFileReference; lastKnownFileType = image.png; path = "eiShare Icon_0120 transparent.png"; sourceTree = "<group>"; };
		AFDB61F9184E0EC300B1C6E9 /* eiShare Icon_0120.png */ = {isa = PBXFileReference; lastKnownFileType = image.png; path = "eiShare Icon_0120.png"; sourceTree = "<group>"; };
		AFDB61FA184E0EC300B1C6E9 /* eiShare Icon_0512.png */ = {isa = PBXFileReference; lastKnownFileType = image.png; path = "eiShare Icon_0512.png"; sourceTree = "<group>"; };
		AFDB61FB184E0EC300B1C6E9 /* eiShare Icon_1024.png */ = {isa = PBXFileReference; lastKnownFileType = image.png; path = "eiShare Icon_1024.png"; sourceTree = "<group>"; };
		AFDB6205184E1CB300B1C6E9 /* etDemo Icon_0120 transparent_off.png */ = {isa = PBXFileReference; lastKnownFileType = image.png; path = "etDemo Icon_0120 transparent_off.png"; sourceTree = "<group>"; };
		AFDB6206184E1CB300B1C6E9 /* etDemo Icon_0120 transparent_on.png */ = {isa = PBXFileReference; lastKnownFileType = image.png; path = "etDemo Icon_0120 transparent_on.png"; sourceTree = "<group>"; };
		AFDB6209184E1FC800B1C6E9 /* ESDetailViewController.h */ = {isa = PBXFileReference; fileEncoding = 4; lastKnownFileType = sourcecode.c.h; path = ESDetailViewController.h; sourceTree = "<group>"; };
		AFDB620A184E1FC800B1C6E9 /* ESDetailViewController.m */ = {isa = PBXFileReference; fileEncoding = 4; lastKnownFileType = sourcecode.c.objc; path = ESDetailViewController.m; sourceTree = "<group>"; };
/* End PBXFileReference section */

/* Begin PBXFrameworksBuildPhase section */
		AF401BF4184A70FE0026171A /* Frameworks */ = {
			isa = PBXFrameworksBuildPhase;
			buildActionMask = 2147483647;
			files = (
				AF44F48A185472640024172B /* ETBase.framework in Frameworks */,
				AF401BFD184A70FE0026171A /* CoreGraphics.framework in Frameworks */,
				AF401BFF184A70FE0026171A /* UIKit.framework in Frameworks */,
				AF401BFB184A70FE0026171A /* Foundation.framework in Frameworks */,
				AF44F48F1854783A0024172B /* ETConnect.framework in Frameworks */,
			);
			runOnlyForDeploymentPostprocessing = 0;
		};
		AF6B9ACF185059C800926842 /* Frameworks */ = {
			isa = PBXFrameworksBuildPhase;
			buildActionMask = 2147483647;
			files = (
				AF44F487185472350024172B /* ETConnect-OSX.framework in Frameworks */,
				AF6B9AD4185059C800926842 /* Cocoa.framework in Frameworks */,
				AF44F486185472350024172B /* ETBase-OSX.framework in Frameworks */,
			);
			runOnlyForDeploymentPostprocessing = 0;
		};
/* End PBXFrameworksBuildPhase section */

/* Begin PBXGroup section */
		AF401BEE184A70FE0026171A = {
			isa = PBXGroup;
			children = (
				AF6B9AB0184F542B00926842 /* Documentation */,
				AFC1D504184A72EB0043204A /* LICENSE */,
				AFC1D505184A72EB0043204A /* README.md */,
				AF401C00184A70FE0026171A /* etConnect-Demo */,
				AF6B9AD9185059C800926842 /* etConnect-Demo OSX */,
				AF401BF9184A70FE0026171A /* Frameworks */,
				AF401BF8184A70FE0026171A /* Products */,
			);
			sourceTree = "<group>";
		};
		AF401BF8184A70FE0026171A /* Products */ = {
			isa = PBXGroup;
			children = (
				AF401BF7184A70FE0026171A /* etConnect-Demo.app */,
				AF6B9AD2185059C800926842 /* etConnect-Demo OSX.app */,
			);
			name = Products;
			sourceTree = "<group>";
		};
		AF401BF9184A70FE0026171A /* Frameworks */ = {
			isa = PBXGroup;
			children = (
				AF44F48E1854783A0024172B /* ETConnect.framework */,
				AF44F488185472640024172B /* ETBase.framework */,
				AF44F484185472350024172B /* ETBase-OSX.framework */,
				AF44F485185472350024172B /* ETConnect-OSX.framework */,
				AF401BFA184A70FE0026171A /* Foundation.framework */,
				AF401BFC184A70FE0026171A /* CoreGraphics.framework */,
				AF401BFE184A70FE0026171A /* UIKit.framework */,
				AF401C19184A70FE0026171A /* XCTest.framework */,
				AF6B9AD3185059C800926842 /* Cocoa.framework */,
				AF6B9AD5185059C800926842 /* Other Frameworks */,
			);
			name = Frameworks;
			sourceTree = "<group>";
		};
		AF401C00184A70FE0026171A /* etConnect-Demo */ = {
			isa = PBXGroup;
			children = (
				AFDB61F2184E0E6700B1C6E9 /* Resources */,
				AFDB61CA184DE70C00B1C6E9 /* ESRemoteObject.h */,
				AFDB61CB184DE70C00B1C6E9 /* ESRemoteObject.m */,
				AF401C09184A70FE0026171A /* ESAppDelegate.h */,
				AF401C0A184A70FE0026171A /* ESAppDelegate.m */,
				AF401C0C184A70FE0026171A /* Main.storyboard */,
				AFDB6209184E1FC800B1C6E9 /* ESDetailViewController.h */,
				AFDB620A184E1FC800B1C6E9 /* ESDetailViewController.m */,
				AF401C0F184A70FE0026171A /* ESViewController.h */,
				AF401C10184A70FE0026171A /* ESViewController.m */,
				AF401C12184A70FE0026171A /* Images.xcassets */,
				AF401C01184A70FE0026171A /* Supporting Files */,
			);
			path = "etConnect-Demo";
			sourceTree = "<group>";
		};
		AF401C01184A70FE0026171A /* Supporting Files */ = {
			isa = PBXGroup;
			children = (
				AF401C02184A70FE0026171A /* etConnect-Demo-Info.plist */,
				AF401C03184A70FE0026171A /* InfoPlist.strings */,
				AF401C06184A70FE0026171A /* main.m */,
				AF401C08184A70FE0026171A /* etConnect-Demo-Prefix.pch */,
			);
			name = "Supporting Files";
			sourceTree = "<group>";
		};
		AF6B9AB0184F542B00926842 /* Documentation */ = {
			isa = PBXGroup;
			children = (
				AF6B9AB1184F544300926842 /* html */,
			);
			path = Documentation;
			sourceTree = "<group>";
		};
		AF6B9AB1184F544300926842 /* html */ = {
			isa = PBXGroup;
			children = (
				AF6B9AB2184F544300926842 /* Classes */,
				AF6B9AB8184F544300926842 /* css */,
				AF6B9ABB184F544300926842 /* hierarchy.html */,
				AF6B9ABC184F544300926842 /* img */,
				AF6B9AC2184F544300926842 /* index.html */,
				AF6B9AC3184F544300926842 /* Protocols */,
			);
			name = html;
			path = ETConnect/html;
			sourceTree = "<group>";
		};
		AF6B9AB2184F544300926842 /* Classes */ = {
			isa = PBXGroup;
			children = (
				AF6B9AB3184F544300926842 /* EIConnection.html */,
				AF6B9AB4184F544300926842 /* EIConnectionServer.html */,
				AF6B9AB5184F544300926842 /* EIDistantObject.html */,
				AF6B9AB6184F544300926842 /* EINetConnection.html */,
				AF6B9AB7184F544300926842 /* ETConnectServer.html */,
			);
			path = Classes;
			sourceTree = "<group>";
		};
		AF6B9AB8184F544300926842 /* css */ = {
			isa = PBXGroup;
			children = (
				AF6B9AB9184F544300926842 /* styles.css */,
				AF6B9ABA184F544300926842 /* stylesPrint.css */,
			);
			path = css;
			sourceTree = "<group>";
		};
		AF6B9ABC184F544300926842 /* img */ = {
			isa = PBXGroup;
			children = (
				AF6B9ABD184F544300926842 /* button_bar_background.png */,
				AF6B9ABE184F544300926842 /* disclosure.png */,
				AF6B9ABF184F544300926842 /* disclosure_open.png */,
				AF6B9AC0184F544300926842 /* library_background.png */,
				AF6B9AC1184F544300926842 /* title_background.png */,
			);
			path = img;
			sourceTree = "<group>";
		};
		AF6B9AC3184F544300926842 /* Protocols */ = {
			isa = PBXGroup;
			children = (
				AF6B9AC4184F544300926842 /* EIConnectionDelegate.html */,
				AF6B9AC5184F544300926842 /* EIConnectionServerDelegate.html */,
				AF6B9AC6184F544300926842 /* EINetConnectionDelegate.html */,
				AF6B9AC7184F544300926842 /* EINetConnectionInStreamDelegate.html */,
				AF6B9AC8184F544300926842 /* ETConnectServerNotificationsDelegate.html */,
			);
			path = Protocols;
			sourceTree = "<group>";
		};
		AF6B9AD5185059C800926842 /* Other Frameworks */ = {
			isa = PBXGroup;
			children = (
				AF6B9AD6185059C800926842 /* AppKit.framework */,
				AF6B9AD7185059C800926842 /* CoreData.framework */,
				AF6B9AD8185059C800926842 /* Foundation.framework */,
			);
			name = "Other Frameworks";
			sourceTree = "<group>";
		};
		AF6B9AD9185059C800926842 /* etConnect-Demo OSX */ = {
			isa = PBXGroup;
			children = (
				AF6B9AE5185059C800926842 /* ESAppDelegate.h */,
				AF6B9AE6185059C800926842 /* ESAppDelegate.m */,
				AF6B9AE8185059C800926842 /* MainMenu.xib */,
				AF6B9AEB185059C800926842 /* Images.xcassets */,
				AF6B9ADA185059C800926842 /* Supporting Files */,
				AFB24DB0185061BD00643B96 /* ESMainView.h */,
				AFB24DB1185061BD00643B96 /* ESMainView.m */,
			);
			path = "etConnect-Demo OSX";
			sourceTree = "<group>";
		};
		AF6B9ADA185059C800926842 /* Supporting Files */ = {
			isa = PBXGroup;
			children = (
				AF6B9ADB185059C800926842 /* etConnect-Demo OSX-Info.plist */,
				AF6B9ADC185059C800926842 /* InfoPlist.strings */,
				AF6B9ADF185059C800926842 /* main.m */,
				AF6B9AE1185059C800926842 /* etConnect-Demo OSX-Prefix.pch */,
				AF6B9AE2185059C800926842 /* Credits.rtf */,
			);
			name = "Supporting Files";
			sourceTree = "<group>";
		};
		AFDB61F2184E0E6700B1C6E9 /* Resources */ = {
			isa = PBXGroup;
			children = (
				AF44F4901854805C0024172B /* icon_bluetooth_0256.png */,
				AFDB6205184E1CB300B1C6E9 /* etDemo Icon_0120 transparent_off.png */,
				AFDB6206184E1CB300B1C6E9 /* etDemo Icon_0120 transparent_on.png */,
				AFDB61F3184E0EC300B1C6E9 /* eiShare Icon_0029.png */,
				AFDB61F4184E0EC300B1C6E9 /* eiShare Icon_0057.png */,
				AFDB61F5184E0EC300B1C6E9 /* eiShare Icon_0058.png */,
				AFDB61F6184E0EC300B1C6E9 /* eiShare Icon_0080.png */,
				AFDB61F7184E0EC300B1C6E9 /* eiShare Icon_0114.png */,
				AFDB61F8184E0EC300B1C6E9 /* eiShare Icon_0120 transparent.png */,
				AFDB61F9184E0EC300B1C6E9 /* eiShare Icon_0120.png */,
				AFDB61FA184E0EC300B1C6E9 /* eiShare Icon_0512.png */,
				AFDB61FB184E0EC300B1C6E9 /* eiShare Icon_1024.png */,
			);
			path = Resources;
			sourceTree = "<group>";
		};
/* End PBXGroup section */

/* Begin PBXNativeTarget section */
		AF401BF6184A70FE0026171A /* etConnect-Demo */ = {
			isa = PBXNativeTarget;
			buildConfigurationList = AF401C29184A70FE0026171A /* Build configuration list for PBXNativeTarget "etConnect-Demo" */;
			buildPhases = (
				AF401BF3184A70FE0026171A /* Sources */,
				AF401BF4184A70FE0026171A /* Frameworks */,
				AF401BF5184A70FE0026171A /* Resources */,
			);
			buildRules = (
			);
			dependencies = (
			);
			name = "etConnect-Demo";
			productName = "etConnect-Demo";
			productReference = AF401BF7184A70FE0026171A /* etConnect-Demo.app */;
			productType = "com.apple.product-type.application";
		};
		AF6B9AD1185059C800926842 /* etConnect-Demo OSX */ = {
			isa = PBXNativeTarget;
			buildConfigurationList = AF6B9B02185059C800926842 /* Build configuration list for PBXNativeTarget "etConnect-Demo OSX" */;
			buildPhases = (
				AF6B9ACE185059C800926842 /* Sources */,
				AF6B9ACF185059C800926842 /* Frameworks */,
				AF6B9AD0185059C800926842 /* Resources */,
				AF24B6B21852FE7100271590 /* CopyFiles */,
			);
			buildRules = (
			);
			dependencies = (
			);
			name = "etConnect-Demo OSX";
			productName = "etConnect-Demo OSX";
			productReference = AF6B9AD2185059C800926842 /* etConnect-Demo OSX.app */;
			productType = "com.apple.product-type.application";
		};
/* End PBXNativeTarget section */

/* Begin PBXProject section */
		AF401BEF184A70FE0026171A /* Project object */ = {
			isa = PBXProject;
			attributes = {
				CLASSPREFIX = ES;
				LastUpgradeCheck = 0500;
				ORGANIZATIONNAME = "eitap Technologies GmbH";
			};
			buildConfigurationList = AF401BF2184A70FE0026171A /* Build configuration list for PBXProject "etConnect-Demo" */;
			compatibilityVersion = "Xcode 3.2";
			developmentRegion = English;
			hasScannedForEncodings = 0;
			knownRegions = (
				en,
				Base,
			);
			mainGroup = AF401BEE184A70FE0026171A;
			productRefGroup = AF401BF8184A70FE0026171A /* Products */;
			projectDirPath = "";
			projectRoot = "";
			targets = (
				AF401BF6184A70FE0026171A /* etConnect-Demo */,
				AF6B9AD1185059C800926842 /* etConnect-Demo OSX */,
			);
		};
/* End PBXProject section */

/* Begin PBXResourcesBuildPhase section */
		AF401BF5184A70FE0026171A /* Resources */ = {
			isa = PBXResourcesBuildPhase;
			buildActionMask = 2147483647;
			files = (
				AFDB6204184E0EC300B1C6E9 /* eiShare Icon_1024.png in Resources */,
				AF44F4911854805C0024172B /* icon_bluetooth_0256.png in Resources */,
				AFDB61FC184E0EC300B1C6E9 /* eiShare Icon_0029.png in Resources */,
				AFDB6201184E0EC300B1C6E9 /* eiShare Icon_0120 transparent.png in Resources */,
				AFDB6203184E0EC300B1C6E9 /* eiShare Icon_0512.png in Resources */,
				AFDB61FD184E0EC300B1C6E9 /* eiShare Icon_0057.png in Resources */,
				AF401C13184A70FE0026171A /* Images.xcassets in Resources */,
				AFDB6202184E0EC300B1C6E9 /* eiShare Icon_0120.png in Resources */,
				AFDB6207184E1CB300B1C6E9 /* etDemo Icon_0120 transparent_off.png in Resources */,
				AF401C05184A70FE0026171A /* InfoPlist.strings in Resources */,
				AFDB6208184E1CB300B1C6E9 /* etDemo Icon_0120 transparent_on.png in Resources */,
				AFDB61FE184E0EC300B1C6E9 /* eiShare Icon_0058.png in Resources */,
				AFDB61FF184E0EC300B1C6E9 /* eiShare Icon_0080.png in Resources */,
				AF401C0E184A70FE0026171A /* Main.storyboard in Resources */,
				AFDB6200184E0EC300B1C6E9 /* eiShare Icon_0114.png in Resources */,
			);
			runOnlyForDeploymentPostprocessing = 0;
		};
		AF6B9AD0185059C800926842 /* Resources */ = {
			isa = PBXResourcesBuildPhase;
			buildActionMask = 2147483647;
			files = (
				AF24B6B01852FD8D00271590 /* MainMenu.xib in Resources */,
				AF86BE8B1852020000CFBEA6 /* eiShare Icon_0029.png in Resources */,
				AF86BE8D1852020000CFBEA6 /* eiShare Icon_0058.png in Resources */,
				AF86BE8F1852020000CFBEA6 /* eiShare Icon_0114.png in Resources */,
				AF44F4921854805C0024172B /* icon_bluetooth_0256.png in Resources */,
				AF6B9ADE185059C800926842 /* InfoPlist.strings in Resources */,
				AF6B9AEC185059C800926842 /* Images.xcassets in Resources */,
				AF86BE891852020000CFBEA6 /* etDemo Icon_0120 transparent_off.png in Resources */,
				AF86BE8E1852020000CFBEA6 /* eiShare Icon_0080.png in Resources */,
				AF86BE8A1852020000CFBEA6 /* etDemo Icon_0120 transparent_on.png in Resources */,
				AF86BE8C1852020000CFBEA6 /* eiShare Icon_0057.png in Resources */,
				AF6B9AE4185059C800926842 /* Credits.rtf in Resources */,
				AF86BE901852020000CFBEA6 /* eiShare Icon_0120 transparent.png in Resources */,
				AF86BE921852020000CFBEA6 /* eiShare Icon_0512.png in Resources */,
				AF86BE931852020000CFBEA6 /* eiShare Icon_1024.png in Resources */,
				AF86BE911852020000CFBEA6 /* eiShare Icon_0120.png in Resources */,
			);
			runOnlyForDeploymentPostprocessing = 0;
		};
/* End PBXResourcesBuildPhase section */

/* Begin PBXSourcesBuildPhase section */
		AF401BF3184A70FE0026171A /* Sources */ = {
			isa = PBXSourcesBuildPhase;
			buildActionMask = 2147483647;
			files = (
				AF401C11184A70FE0026171A /* ESViewController.m in Sources */,
				AF401C0B184A70FE0026171A /* ESAppDelegate.m in Sources */,
				AFDB61CC184DE70C00B1C6E9 /* ESRemoteObject.m in Sources */,
				AF401C07184A70FE0026171A /* main.m in Sources */,
				AFDB620B184E1FC800B1C6E9 /* ESDetailViewController.m in Sources */,
			);
			runOnlyForDeploymentPostprocessing = 0;
		};
		AF6B9ACE185059C800926842 /* Sources */ = {
			isa = PBXSourcesBuildPhase;
			buildActionMask = 2147483647;
			files = (
				AF6B9AE7185059C800926842 /* ESAppDelegate.m in Sources */,
				AF6B9AE0185059C800926842 /* main.m in Sources */,
				AF6B9B4118505F0900926842 /* ESRemoteObject.m in Sources */,
				AFB24DB2185061BD00643B96 /* ESMainView.m in Sources */,
			);
			runOnlyForDeploymentPostprocessing = 0;
		};
/* End PBXSourcesBuildPhase section */

/* Begin PBXVariantGroup section */
		AF401C03184A70FE0026171A /* InfoPlist.strings */ = {
			isa = PBXVariantGroup;
			children = (
				AF401C04184A70FE0026171A /* en */,
			);
			name = InfoPlist.strings;
			sourceTree = "<group>";
		};
		AF401C0C184A70FE0026171A /* Main.storyboard */ = {
			isa = PBXVariantGroup;
			children = (
				AF401C0D184A70FE0026171A /* Base */,
			);
			name = Main.storyboard;
			sourceTree = "<group>";
		};
		AF6B9ADC185059C800926842 /* InfoPlist.strings */ = {
			isa = PBXVariantGroup;
			children = (
				AF6B9ADD185059C800926842 /* en */,
			);
			name = InfoPlist.strings;
			sourceTree = "<group>";
		};
		AF6B9AE2185059C800926842 /* Credits.rtf */ = {
			isa = PBXVariantGroup;
			children = (
				AF6B9AE3185059C800926842 /* en */,
			);
			name = Credits.rtf;
			sourceTree = "<group>";
		};
		AF6B9AE8185059C800926842 /* MainMenu.xib */ = {
			isa = PBXVariantGroup;
			children = (
				AF6B9AE9185059C800926842 /* Base */,
			);
			name = MainMenu.xib;
			sourceTree = "<group>";
		};
/* End PBXVariantGroup section */

/* Begin XCBuildConfiguration section */
		AF401C27184A70FE0026171A /* Debug */ = {
			isa = XCBuildConfiguration;
			buildSettings = {
				ALWAYS_SEARCH_USER_PATHS = NO;
				ARCHS = "$(ARCHS_STANDARD_INCLUDING_64_BIT)";
				CLANG_CXX_LANGUAGE_STANDARD = "gnu++0x";
				CLANG_CXX_LIBRARY = "libc++";
				CLANG_ENABLE_MODULES = YES;
				CLANG_ENABLE_OBJC_ARC = YES;
				CLANG_WARN_BOOL_CONVERSION = YES;
				CLANG_WARN_CONSTANT_CONVERSION = YES;
				CLANG_WARN_DIRECT_OBJC_ISA_USAGE = YES_ERROR;
				CLANG_WARN_EMPTY_BODY = YES;
				CLANG_WARN_ENUM_CONVERSION = YES;
				CLANG_WARN_INT_CONVERSION = YES;
				CLANG_WARN_OBJC_ROOT_CLASS = YES_ERROR;
				CLANG_WARN__DUPLICATE_METHOD_MATCH = YES;
				"CODE_SIGN_IDENTITY[sdk=iphoneos*]" = "iPhone Developer";
				COPY_PHASE_STRIP = NO;
				FRAMEWORK_SEARCH_PATHS = "$(PROJECT_DIR)";
				GCC_C_LANGUAGE_STANDARD = gnu99;
				GCC_DYNAMIC_NO_PIC = NO;
				GCC_OPTIMIZATION_LEVEL = 0;
				GCC_PREPROCESSOR_DEFINITIONS = (
					"DEBUG=1",
					"$(inherited)",
				);
				GCC_SYMBOLS_PRIVATE_EXTERN = NO;
				GCC_WARN_64_TO_32_BIT_CONVERSION = YES;
				GCC_WARN_ABOUT_RETURN_TYPE = YES_ERROR;
				GCC_WARN_UNDECLARED_SELECTOR = YES;
				GCC_WARN_UNINITIALIZED_AUTOS = YES;
				GCC_WARN_UNUSED_FUNCTION = YES;
				GCC_WARN_UNUSED_VARIABLE = YES;
				IPHONEOS_DEPLOYMENT_TARGET = 6.0;
				ONLY_ACTIVE_ARCH = YES;
				SDKROOT = iphoneos;
			};
			name = Debug;
		};
		AF401C28184A70FE0026171A /* Release */ = {
			isa = XCBuildConfiguration;
			buildSettings = {
				ALWAYS_SEARCH_USER_PATHS = NO;
				ARCHS = "$(ARCHS_STANDARD_INCLUDING_64_BIT)";
				CLANG_CXX_LANGUAGE_STANDARD = "gnu++0x";
				CLANG_CXX_LIBRARY = "libc++";
				CLANG_ENABLE_MODULES = YES;
				CLANG_ENABLE_OBJC_ARC = YES;
				CLANG_WARN_BOOL_CONVERSION = YES;
				CLANG_WARN_CONSTANT_CONVERSION = YES;
				CLANG_WARN_DIRECT_OBJC_ISA_USAGE = YES_ERROR;
				CLANG_WARN_EMPTY_BODY = YES;
				CLANG_WARN_ENUM_CONVERSION = YES;
				CLANG_WARN_INT_CONVERSION = YES;
				CLANG_WARN_OBJC_ROOT_CLASS = YES_ERROR;
				CLANG_WARN__DUPLICATE_METHOD_MATCH = YES;
				"CODE_SIGN_IDENTITY[sdk=iphoneos*]" = "iPhone Developer";
				COPY_PHASE_STRIP = YES;
				ENABLE_NS_ASSERTIONS = NO;
				FRAMEWORK_SEARCH_PATHS = "$(PROJECT_DIR)";
				GCC_C_LANGUAGE_STANDARD = gnu99;
				GCC_WARN_64_TO_32_BIT_CONVERSION = YES;
				GCC_WARN_ABOUT_RETURN_TYPE = YES_ERROR;
				GCC_WARN_UNDECLARED_SELECTOR = YES;
				GCC_WARN_UNINITIALIZED_AUTOS = YES;
				GCC_WARN_UNUSED_FUNCTION = YES;
				GCC_WARN_UNUSED_VARIABLE = YES;
				IPHONEOS_DEPLOYMENT_TARGET = 6.0;
				SDKROOT = iphoneos;
				VALIDATE_PRODUCT = YES;
			};
			name = Release;
		};
		AF401C2A184A70FE0026171A /* Debug */ = {
			isa = XCBuildConfiguration;
			buildSettings = {
				ARCHS = "$(ARCHS_STANDARD)";
				ASSETCATALOG_COMPILER_APPICON_NAME = AppIcon;
				ASSETCATALOG_COMPILER_LAUNCHIMAGE_NAME = LaunchImage;
				ASSETCATALOG_WARNINGS = NO;
				CLANG_ENABLE_OBJC_ARC = NO;
				FRAMEWORK_SEARCH_PATHS = (
					"$(inherited)",
					"$(Project)",
					"/Developer/Projects/pr-public-projects/etConnect-Demo",
				);
				GCC_PRECOMPILE_PREFIX_HEADER = YES;
				GCC_PREFIX_HEADER = "etConnect-Demo/etConnect-Demo-Prefix.pch";
				IBSC_ERRORS = YES;
				IBSC_NOTICES = NO;
				IBSC_WARNINGS = NO;
				INFOPLIST_FILE = "etConnect-Demo/etConnect-Demo-Info.plist";
				OTHER_LDFLAGS = "-ObjC";
				PRODUCT_NAME = "$(TARGET_NAME)";
				VALID_ARCHS = "armv7 armv7s";
				WRAPPER_EXTENSION = app;
			};
			name = Debug;
		};
		AF401C2B184A70FE0026171A /* Release */ = {
			isa = XCBuildConfiguration;
			buildSettings = {
				ARCHS = "$(ARCHS_STANDARD)";
				ASSETCATALOG_COMPILER_APPICON_NAME = AppIcon;
				ASSETCATALOG_COMPILER_LAUNCHIMAGE_NAME = LaunchImage;
				ASSETCATALOG_WARNINGS = NO;
				CLANG_ENABLE_OBJC_ARC = NO;
				FRAMEWORK_SEARCH_PATHS = (
					"$(inherited)",
					"$(Project)",
					"/Developer/Projects/pr-public-projects/etConnect-Demo",
				);
				GCC_PRECOMPILE_PREFIX_HEADER = YES;
				GCC_PREFIX_HEADER = "etConnect-Demo/etConnect-Demo-Prefix.pch";
				IBSC_ERRORS = YES;
				IBSC_NOTICES = NO;
				IBSC_WARNINGS = NO;
				INFOPLIST_FILE = "etConnect-Demo/etConnect-Demo-Info.plist";
				OTHER_LDFLAGS = "-ObjC";
				PRODUCT_NAME = "$(TARGET_NAME)";
				VALID_ARCHS = "armv7 armv7s";
				WRAPPER_EXTENSION = app;
			};
			name = Release;
		};
		AF6B9AFE185059C800926842 /* Debug */ = {
			isa = XCBuildConfiguration;
			buildSettings = {
				ASSETCATALOG_COMPILER_APPICON_NAME = AppIcon;
				CLANG_ENABLE_OBJC_ARC = NO;
				COMBINE_HIDPI_IMAGES = YES;
				FRAMEWORK_SEARCH_PATHS = (
					/Library/Frameworks,
					"$(inherited)",
					"$(LOCAL_LIBRARY_DIR)/Frameworks",
					"$(DEVELOPER_FRAMEWORKS_DIR)",
					"/Developer/Projects/pr-public-projects/etConnect-Demo",
				);
				GCC_ENABLE_OBJC_EXCEPTIONS = YES;
				GCC_PRECOMPILE_PREFIX_HEADER = YES;
				GCC_PREFIX_HEADER = "etConnect-Demo OSX/etConnect-Demo OSX-Prefix.pch";
				GCC_PREPROCESSOR_DEFINITIONS = (
					"DEBUG=1",
					"$(inherited)",
				);
				INFOPLIST_FILE = "etConnect-Demo OSX/etConnect-Demo OSX-Info.plist";
				MACOSX_DEPLOYMENT_TARGET = 10.8;
				PRODUCT_NAME = "$(TARGET_NAME)";
				SDKROOT = macosx;
				WRAPPER_EXTENSION = app;
			};
			name = Debug;
		};
		AF6B9AFF185059C800926842 /* Release */ = {
			isa = XCBuildConfiguration;
			buildSettings = {
				ASSETCATALOG_COMPILER_APPICON_NAME = AppIcon;
				CLANG_ENABLE_OBJC_ARC = NO;
				COMBINE_HIDPI_IMAGES = YES;
				DEBUG_INFORMATION_FORMAT = "dwarf-with-dsym";
				FRAMEWORK_SEARCH_PATHS = (
					"$(inherited)",
					"$(DEVELOPER_FRAMEWORKS_DIR)",
					"/Developer/Projects/pr-public-projects/etConnect-Demo",
					"$(LOCAL_LIBRARY_DIR)/Frameworks",
				);
				GCC_ENABLE_OBJC_EXCEPTIONS = YES;
				GCC_PRECOMPILE_PREFIX_HEADER = YES;
				GCC_PREFIX_HEADER = "etConnect-Demo OSX/etConnect-Demo OSX-Prefix.pch";
				INFOPLIST_FILE = "etConnect-Demo OSX/etConnect-Demo OSX-Info.plist";
				MACOSX_DEPLOYMENT_TARGET = 10.8;
				PRODUCT_NAME = "$(TARGET_NAME)";
				SDKROOT = macosx;
				WRAPPER_EXTENSION = app;
			};
			name = Release;
		};
/* End XCBuildConfiguration section */

/* Begin XCConfigurationList section */
		AF401BF2184A70FE0026171A /* Build configuration list for PBXProject "etConnect-Demo" */ = {
			isa = XCConfigurationList;
			buildConfigurations = (
				AF401C27184A70FE0026171A /* Debug */,
				AF401C28184A70FE0026171A /* Release */,
			);
			defaultConfigurationIsVisible = 0;
			defaultConfigurationName = Release;
		};
		AF401C29184A70FE0026171A /* Build configuration list for PBXNativeTarget "etConnect-Demo" */ = {
			isa = XCConfigurationList;
			buildConfigurations = (
				AF401C2A184A70FE0026171A /* Debug */,
				AF401C2B184A70FE0026171A /* Release */,
			);
			defaultConfigurationIsVisible = 0;
			defaultConfigurationName = Release;
		};
		AF6B9B02185059C800926842 /* Build configuration list for PBXNativeTarget "etConnect-Demo OSX" */ = {
			isa = XCConfigurationList;
			buildConfigurations = (
				AF6B9AFE185059C800926842 /* Debug */,
				AF6B9AFF185059C800926842 /* Release */,
			);
			defaultConfigurationIsVisible = 0;
			defaultConfigurationName = Release;
		};
/* End XCConfigurationList section */
	};
	rootObject = AF401BEF184A70FE0026171A /* Project object */;
}
