// !$*UTF8*$!
{
	archiveVersion = 1;
	classes = {
	};
	objectVersion = 46;
	objects = {

/* Begin PBXBuildFile section */
		AF401BFB184A70FE0026171A /* Foundation.framework in Frameworks */ = {isa = PBXBuildFile; fileRef = AF401BFA184A70FE0026171A /* Foundation.framework */; };
		AF401BFD184A70FE0026171A /* CoreGraphics.framework in Frameworks */ = {isa = PBXBuildFile; fileRef = AF401BFC184A70FE0026171A /* CoreGraphics.framework */; };
		AF401BFF184A70FE0026171A /* UIKit.framework in Frameworks */ = {isa = PBXBuildFile; fileRef = AF401BFE184A70FE0026171A /* UIKit.framework */; };
		AF401C05184A70FE0026171A /* InfoPlist.strings in Resources */ = {isa = PBXBuildFile; fileRef = AF401C03184A70FE0026171A /* InfoPlist.strings */; };
		AF401C07184A70FE0026171A /* main.m in Sources */ = {isa = PBXBuildFile; fileRef = AF401C06184A70FE0026171A /* main.m */; };
		AF401C0B184A70FE0026171A /* ESAppDelegate.m in Sources */ = {isa = PBXBuildFile; fileRef = AF401C0A184A70FE0026171A /* ESAppDelegate.m */; };
		AF401C0E184A70FE0026171A /* Main.storyboard in Resources */ = {isa = PBXBuildFile; fileRef = AF401C0C184A70FE0026171A /* Main.storyboard */; };
		AF401C11184A70FE0026171A /* ESViewController.m in Sources */ = {isa = PBXBuildFile; fileRef = AF401C10184A70FE0026171A /* ESViewController.m */; };
		AF401C13184A70FE0026171A /* Images.xcassets in Resources */ = {isa = PBXBuildFile; fileRef = AF401C12184A70FE0026171A /* Images.xcassets */; };
		AF6B9A30184F30B500926842 /* ETBase.framework in Frameworks */ = {isa = PBXBuildFile; fileRef = AF6B9A2E184F30B500926842 /* ETBase.framework */; };
		AF6B9A31184F30B500926842 /* ETConnect.framework in Frameworks */ = {isa = PBXBuildFile; fileRef = AF6B9A2F184F30B500926842 /* ETConnect.framework */; };
		AF6B9A79184F53E000926842 /* Info.plist in Resources */ = {isa = PBXBuildFile; fileRef = AF6B9A36184F53E000926842 /* Info.plist */; };
		AF6B9A7A184F53E000926842 /* docSet.dsidx in Resources */ = {isa = PBXBuildFile; fileRef = AF6B9A38184F53E000926842 /* docSet.dsidx */; };
		AF6B9A7B184F53E000926842 /* docSet.mom in Resources */ = {isa = PBXBuildFile; fileRef = AF6B9A39184F53E000926842 /* docSet.mom */; };
		AF6B9A7C184F53E000926842 /* docSet.skidx in Resources */ = {isa = PBXBuildFile; fileRef = AF6B9A3A184F53E000926842 /* docSet.skidx */; };
		AF6B9A7D184F53E000926842 /* docSet.toc in Resources */ = {isa = PBXBuildFile; fileRef = AF6B9A3B184F53E000926842 /* docSet.toc */; };
		AF6B9A7E184F53E000926842 /* EIConnection.html in Resources */ = {isa = PBXBuildFile; fileRef = AF6B9A3E184F53E000926842 /* EIConnection.html */; };
		AF6B9A7F184F53E000926842 /* EIConnectionServer.html in Resources */ = {isa = PBXBuildFile; fileRef = AF6B9A3F184F53E000926842 /* EIConnectionServer.html */; };
		AF6B9A80184F53E000926842 /* EIDistantObject.html in Resources */ = {isa = PBXBuildFile; fileRef = AF6B9A40184F53E000926842 /* EIDistantObject.html */; };
		AF6B9A81184F53E000926842 /* EINetConnection.html in Resources */ = {isa = PBXBuildFile; fileRef = AF6B9A41184F53E000926842 /* EINetConnection.html */; };
		AF6B9A82184F53E000926842 /* ETConnectServer.html in Resources */ = {isa = PBXBuildFile; fileRef = AF6B9A42184F53E000926842 /* ETConnectServer.html */; };
		AF6B9A83184F53E000926842 /* styles.css in Resources */ = {isa = PBXBuildFile; fileRef = AF6B9A44184F53E000926842 /* styles.css */; };
		AF6B9A84184F53E000926842 /* stylesPrint.css in Resources */ = {isa = PBXBuildFile; fileRef = AF6B9A45184F53E000926842 /* stylesPrint.css */; };
		AF6B9A85184F53E000926842 /* hierarchy.html in Resources */ = {isa = PBXBuildFile; fileRef = AF6B9A46184F53E000926842 /* hierarchy.html */; };
		AF6B9A86184F53E000926842 /* button_bar_background.png in Resources */ = {isa = PBXBuildFile; fileRef = AF6B9A48184F53E000926842 /* button_bar_background.png */; };
		AF6B9A87184F53E000926842 /* disclosure.png in Resources */ = {isa = PBXBuildFile; fileRef = AF6B9A49184F53E000926842 /* disclosure.png */; };
		AF6B9A88184F53E000926842 /* disclosure_open.png in Resources */ = {isa = PBXBuildFile; fileRef = AF6B9A4A184F53E000926842 /* disclosure_open.png */; };
		AF6B9A89184F53E000926842 /* library_background.png in Resources */ = {isa = PBXBuildFile; fileRef = AF6B9A4B184F53E000926842 /* library_background.png */; };
		AF6B9A8A184F53E000926842 /* title_background.png in Resources */ = {isa = PBXBuildFile; fileRef = AF6B9A4C184F53E000926842 /* title_background.png */; };
		AF6B9A8B184F53E000926842 /* index.html in Resources */ = {isa = PBXBuildFile; fileRef = AF6B9A4D184F53E000926842 /* index.html */; };
		AF6B9A8C184F53E000926842 /* EIConnectionDelegate.html in Resources */ = {isa = PBXBuildFile; fileRef = AF6B9A4F184F53E000926842 /* EIConnectionDelegate.html */; };
		AF6B9A8D184F53E000926842 /* EIConnectionServerDelegate.html in Resources */ = {isa = PBXBuildFile; fileRef = AF6B9A50184F53E000926842 /* EIConnectionServerDelegate.html */; };
		AF6B9A8E184F53E000926842 /* EINetConnectionDelegate.html in Resources */ = {isa = PBXBuildFile; fileRef = AF6B9A51184F53E000926842 /* EINetConnectionDelegate.html */; };
		AF6B9A8F184F53E000926842 /* EINetConnectionInStreamDelegate.html in Resources */ = {isa = PBXBuildFile; fileRef = AF6B9A52184F53E000926842 /* EINetConnectionInStreamDelegate.html */; };
		AF6B9A90184F53E000926842 /* ETConnectServerNotificationsDelegate.html in Resources */ = {isa = PBXBuildFile; fileRef = AF6B9A53184F53E000926842 /* ETConnectServerNotificationsDelegate.html */; };
		AF6B9A91184F53E000926842 /* Nodes.xml in Resources */ = {isa = PBXBuildFile; fileRef = AF6B9A54184F53E000926842 /* Nodes.xml */; };
		AF6B9A92184F53E000926842 /* Tokens1.xml in Resources */ = {isa = PBXBuildFile; fileRef = AF6B9A55184F53E000926842 /* Tokens1.xml */; };
		AF6B9A93184F53E000926842 /* Tokens10.xml in Resources */ = {isa = PBXBuildFile; fileRef = AF6B9A56184F53E000926842 /* Tokens10.xml */; };
		AF6B9A94184F53E000926842 /* Tokens2.xml in Resources */ = {isa = PBXBuildFile; fileRef = AF6B9A57184F53E000926842 /* Tokens2.xml */; };
		AF6B9A95184F53E000926842 /* Tokens3.xml in Resources */ = {isa = PBXBuildFile; fileRef = AF6B9A58184F53E000926842 /* Tokens3.xml */; };
		AF6B9A96184F53E000926842 /* Tokens4.xml in Resources */ = {isa = PBXBuildFile; fileRef = AF6B9A59184F53E000926842 /* Tokens4.xml */; };
		AF6B9A97184F53E000926842 /* Tokens5.xml in Resources */ = {isa = PBXBuildFile; fileRef = AF6B9A5A184F53E000926842 /* Tokens5.xml */; };
		AF6B9A98184F53E000926842 /* Tokens6.xml in Resources */ = {isa = PBXBuildFile; fileRef = AF6B9A5B184F53E000926842 /* Tokens6.xml */; };
		AF6B9A99184F53E000926842 /* Tokens7.xml in Resources */ = {isa = PBXBuildFile; fileRef = AF6B9A5C184F53E000926842 /* Tokens7.xml */; };
		AF6B9A9A184F53E000926842 /* Tokens8.xml in Resources */ = {isa = PBXBuildFile; fileRef = AF6B9A5D184F53E000926842 /* Tokens8.xml */; };
		AF6B9A9B184F53E000926842 /* Tokens9.xml in Resources */ = {isa = PBXBuildFile; fileRef = AF6B9A5E184F53E000926842 /* Tokens9.xml */; };
		AF6B9A9C184F53E000926842 /* docset-installed.txt in Resources */ = {isa = PBXBuildFile; fileRef = AF6B9A5F184F53E000926842 /* docset-installed.txt */; };
		AF6B9A9D184F53E000926842 /* EIConnection.html in Resources */ = {isa = PBXBuildFile; fileRef = AF6B9A62184F53E000926842 /* EIConnection.html */; };
		AF6B9A9E184F53E000926842 /* EIConnectionServer.html in Resources */ = {isa = PBXBuildFile; fileRef = AF6B9A63184F53E000926842 /* EIConnectionServer.html */; };
		AF6B9A9F184F53E000926842 /* EIDistantObject.html in Resources */ = {isa = PBXBuildFile; fileRef = AF6B9A64184F53E000926842 /* EIDistantObject.html */; };
		AF6B9AA0184F53E000926842 /* EINetConnection.html in Resources */ = {isa = PBXBuildFile; fileRef = AF6B9A65184F53E000926842 /* EINetConnection.html */; };
		AF6B9AA1184F53E000926842 /* ETConnectServer.html in Resources */ = {isa = PBXBuildFile; fileRef = AF6B9A66184F53E000926842 /* ETConnectServer.html */; };
		AF6B9AA2184F53E000926842 /* styles.css in Resources */ = {isa = PBXBuildFile; fileRef = AF6B9A68184F53E000926842 /* styles.css */; };
		AF6B9AA3184F53E000926842 /* stylesPrint.css in Resources */ = {isa = PBXBuildFile; fileRef = AF6B9A69184F53E000926842 /* stylesPrint.css */; };
		AF6B9AA4184F53E000926842 /* hierarchy.html in Resources */ = {isa = PBXBuildFile; fileRef = AF6B9A6A184F53E000926842 /* hierarchy.html */; };
		AF6B9AA5184F53E000926842 /* button_bar_background.png in Resources */ = {isa = PBXBuildFile; fileRef = AF6B9A6C184F53E000926842 /* button_bar_background.png */; };
		AF6B9AA6184F53E000926842 /* disclosure.png in Resources */ = {isa = PBXBuildFile; fileRef = AF6B9A6D184F53E000926842 /* disclosure.png */; };
		AF6B9AA7184F53E000926842 /* disclosure_open.png in Resources */ = {isa = PBXBuildFile; fileRef = AF6B9A6E184F53E000926842 /* disclosure_open.png */; };
		AF6B9AA8184F53E000926842 /* library_background.png in Resources */ = {isa = PBXBuildFile; fileRef = AF6B9A6F184F53E000926842 /* library_background.png */; };
		AF6B9AA9184F53E000926842 /* title_background.png in Resources */ = {isa = PBXBuildFile; fileRef = AF6B9A70184F53E000926842 /* title_background.png */; };
		AF6B9AAA184F53E000926842 /* index.html in Resources */ = {isa = PBXBuildFile; fileRef = AF6B9A71184F53E000926842 /* index.html */; };
		AF6B9AAB184F53E000926842 /* EIConnectionDelegate.html in Resources */ = {isa = PBXBuildFile; fileRef = AF6B9A73184F53E000926842 /* EIConnectionDelegate.html */; };
		AF6B9AAC184F53E000926842 /* EIConnectionServerDelegate.html in Resources */ = {isa = PBXBuildFile; fileRef = AF6B9A74184F53E000926842 /* EIConnectionServerDelegate.html */; };
		AF6B9AAD184F53E000926842 /* EINetConnectionDelegate.html in Resources */ = {isa = PBXBuildFile; fileRef = AF6B9A75184F53E000926842 /* EINetConnectionDelegate.html */; };
		AF6B9AAE184F53E000926842 /* EINetConnectionInStreamDelegate.html in Resources */ = {isa = PBXBuildFile; fileRef = AF6B9A76184F53E000926842 /* EINetConnectionInStreamDelegate.html */; };
		AF6B9AAF184F53E000926842 /* ETConnectServerNotificationsDelegate.html in Resources */ = {isa = PBXBuildFile; fileRef = AF6B9A77184F53E000926842 /* ETConnectServerNotificationsDelegate.html */; };
		AFDB61CC184DE70C00B1C6E9 /* ESRemoteObject.m in Sources */ = {isa = PBXBuildFile; fileRef = AFDB61CB184DE70C00B1C6E9 /* ESRemoteObject.m */; };
		AFDB61FC184E0EC300B1C6E9 /* eiShare Icon_0029.png in Resources */ = {isa = PBXBuildFile; fileRef = AFDB61F3184E0EC300B1C6E9 /* eiShare Icon_0029.png */; };
		AFDB61FD184E0EC300B1C6E9 /* eiShare Icon_0057.png in Resources */ = {isa = PBXBuildFile; fileRef = AFDB61F4184E0EC300B1C6E9 /* eiShare Icon_0057.png */; };
		AFDB61FE184E0EC300B1C6E9 /* eiShare Icon_0058.png in Resources */ = {isa = PBXBuildFile; fileRef = AFDB61F5184E0EC300B1C6E9 /* eiShare Icon_0058.png */; };
		AFDB61FF184E0EC300B1C6E9 /* eiShare Icon_0080.png in Resources */ = {isa = PBXBuildFile; fileRef = AFDB61F6184E0EC300B1C6E9 /* eiShare Icon_0080.png */; };
		AFDB6200184E0EC300B1C6E9 /* eiShare Icon_0114.png in Resources */ = {isa = PBXBuildFile; fileRef = AFDB61F7184E0EC300B1C6E9 /* eiShare Icon_0114.png */; };
		AFDB6201184E0EC300B1C6E9 /* eiShare Icon_0120 transparent.png in Resources */ = {isa = PBXBuildFile; fileRef = AFDB61F8184E0EC300B1C6E9 /* eiShare Icon_0120 transparent.png */; };
		AFDB6202184E0EC300B1C6E9 /* eiShare Icon_0120.png in Resources */ = {isa = PBXBuildFile; fileRef = AFDB61F9184E0EC300B1C6E9 /* eiShare Icon_0120.png */; };
		AFDB6203184E0EC300B1C6E9 /* eiShare Icon_0512.png in Resources */ = {isa = PBXBuildFile; fileRef = AFDB61FA184E0EC300B1C6E9 /* eiShare Icon_0512.png */; };
		AFDB6204184E0EC300B1C6E9 /* eiShare Icon_1024.png in Resources */ = {isa = PBXBuildFile; fileRef = AFDB61FB184E0EC300B1C6E9 /* eiShare Icon_1024.png */; };
		AFDB6207184E1CB300B1C6E9 /* etDemo Icon_0120 transparent_off.png in Resources */ = {isa = PBXBuildFile; fileRef = AFDB6205184E1CB300B1C6E9 /* etDemo Icon_0120 transparent_off.png */; };
		AFDB6208184E1CB300B1C6E9 /* etDemo Icon_0120 transparent_on.png in Resources */ = {isa = PBXBuildFile; fileRef = AFDB6206184E1CB300B1C6E9 /* etDemo Icon_0120 transparent_on.png */; };
		AFDB620B184E1FC800B1C6E9 /* ESDetailViewController.m in Sources */ = {isa = PBXBuildFile; fileRef = AFDB620A184E1FC800B1C6E9 /* ESDetailViewController.m */; };
/* End PBXBuildFile section */

/* Begin PBXFileReference section */
		AF401BF7184A70FE0026171A /* etConnect-Demo.app */ = {isa = PBXFileReference; explicitFileType = wrapper.application; includeInIndex = 0; path = "etConnect-Demo.app"; sourceTree = BUILT_PRODUCTS_DIR; };
		AF401BFA184A70FE0026171A /* Foundation.framework */ = {isa = PBXFileReference; lastKnownFileType = wrapper.framework; name = Foundation.framework; path = System/Library/Frameworks/Foundation.framework; sourceTree = SDKROOT; };
		AF401BFC184A70FE0026171A /* CoreGraphics.framework */ = {isa = PBXFileReference; lastKnownFileType = wrapper.framework; name = CoreGraphics.framework; path = System/Library/Frameworks/CoreGraphics.framework; sourceTree = SDKROOT; };
		AF401BFE184A70FE0026171A /* UIKit.framework */ = {isa = PBXFileReference; lastKnownFileType = wrapper.framework; name = UIKit.framework; path = System/Library/Frameworks/UIKit.framework; sourceTree = SDKROOT; };
		AF401C02184A70FE0026171A /* etConnect-Demo-Info.plist */ = {isa = PBXFileReference; lastKnownFileType = text.plist.xml; path = "etConnect-Demo-Info.plist"; sourceTree = "<group>"; };
		AF401C04184A70FE0026171A /* en */ = {isa = PBXFileReference; lastKnownFileType = text.plist.strings; name = en; path = en.lproj/InfoPlist.strings; sourceTree = "<group>"; };
		AF401C06184A70FE0026171A /* main.m */ = {isa = PBXFileReference; lastKnownFileType = sourcecode.c.objc; path = main.m; sourceTree = "<group>"; };
		AF401C08184A70FE0026171A /* etConnect-Demo-Prefix.pch */ = {isa = PBXFileReference; lastKnownFileType = sourcecode.c.h; path = "etConnect-Demo-Prefix.pch"; sourceTree = "<group>"; };
		AF401C09184A70FE0026171A /* ESAppDelegate.h */ = {isa = PBXFileReference; lastKnownFileType = sourcecode.c.h; path = ESAppDelegate.h; sourceTree = "<group>"; };
		AF401C0A184A70FE0026171A /* ESAppDelegate.m */ = {isa = PBXFileReference; lastKnownFileType = sourcecode.c.objc; path = ESAppDelegate.m; sourceTree = "<group>"; };
		AF401C0D184A70FE0026171A /* Base */ = {isa = PBXFileReference; lastKnownFileType = file.storyboard; name = Base; path = Base.lproj/Main.storyboard; sourceTree = "<group>"; };
		AF401C0F184A70FE0026171A /* ESViewController.h */ = {isa = PBXFileReference; lastKnownFileType = sourcecode.c.h; path = ESViewController.h; sourceTree = "<group>"; };
		AF401C10184A70FE0026171A /* ESViewController.m */ = {isa = PBXFileReference; lastKnownFileType = sourcecode.c.objc; path = ESViewController.m; sourceTree = "<group>"; };
		AF401C12184A70FE0026171A /* Images.xcassets */ = {isa = PBXFileReference; lastKnownFileType = folder.assetcatalog; path = Images.xcassets; sourceTree = "<group>"; };
		AF401C19184A70FE0026171A /* XCTest.framework */ = {isa = PBXFileReference; lastKnownFileType = wrapper.framework; name = XCTest.framework; path = Library/Frameworks/XCTest.framework; sourceTree = DEVELOPER_DIR; };
		AF6B9A2E184F30B500926842 /* ETBase.framework */ = {isa = PBXFileReference; lastKnownFileType = wrapper.framework; path = ETBase.framework; sourceTree = "<group>"; };
		AF6B9A2F184F30B500926842 /* ETConnect.framework */ = {isa = PBXFileReference; lastKnownFileType = wrapper.framework; path = ETConnect.framework; sourceTree = "<group>"; };
		AF6B9A36184F53E000926842 /* Info.plist */ = {isa = PBXFileReference; fileEncoding = 4; lastKnownFileType = text.plist.xml; path = Info.plist; sourceTree = "<group>"; };
		AF6B9A38184F53E000926842 /* docSet.dsidx */ = {isa = PBXFileReference; lastKnownFileType = file; path = docSet.dsidx; sourceTree = "<group>"; };
		AF6B9A39184F53E000926842 /* docSet.mom */ = {isa = PBXFileReference; lastKnownFileType = file.bplist; path = docSet.mom; sourceTree = "<group>"; };
		AF6B9A3A184F53E000926842 /* docSet.skidx */ = {isa = PBXFileReference; lastKnownFileType = file; path = docSet.skidx; sourceTree = "<group>"; };
		AF6B9A3B184F53E000926842 /* docSet.toc */ = {isa = PBXFileReference; lastKnownFileType = file.bplist; path = docSet.toc; sourceTree = "<group>"; };
		AF6B9A3E184F53E000926842 /* EIConnection.html */ = {isa = PBXFileReference; fileEncoding = 4; lastKnownFileType = text.html.documentation; path = EIConnection.html; sourceTree = "<group>"; };
		AF6B9A3F184F53E000926842 /* EIConnectionServer.html */ = {isa = PBXFileReference; fileEncoding = 4; lastKnownFileType = text.html.documentation; path = EIConnectionServer.html; sourceTree = "<group>"; };
		AF6B9A40184F53E000926842 /* EIDistantObject.html */ = {isa = PBXFileReference; fileEncoding = 4; lastKnownFileType = text.html.documentation; path = EIDistantObject.html; sourceTree = "<group>"; };
		AF6B9A41184F53E000926842 /* EINetConnection.html */ = {isa = PBXFileReference; fileEncoding = 4; lastKnownFileType = text.html.documentation; path = EINetConnection.html; sourceTree = "<group>"; };
		AF6B9A42184F53E000926842 /* ETConnectServer.html */ = {isa = PBXFileReference; fileEncoding = 4; lastKnownFileType = text.html.documentation; path = ETConnectServer.html; sourceTree = "<group>"; };
		AF6B9A44184F53E000926842 /* styles.css */ = {isa = PBXFileReference; fileEncoding = 4; lastKnownFileType = text.css; path = styles.css; sourceTree = "<group>"; };
		AF6B9A45184F53E000926842 /* stylesPrint.css */ = {isa = PBXFileReference; fileEncoding = 4; lastKnownFileType = text.css; path = stylesPrint.css; sourceTree = "<group>"; };
		AF6B9A46184F53E000926842 /* hierarchy.html */ = {isa = PBXFileReference; fileEncoding = 4; lastKnownFileType = text.html.documentation; path = hierarchy.html; sourceTree = "<group>"; };
		AF6B9A48184F53E000926842 /* button_bar_background.png */ = {isa = PBXFileReference; lastKnownFileType = image.png; path = button_bar_background.png; sourceTree = "<group>"; };
		AF6B9A49184F53E000926842 /* disclosure.png */ = {isa = PBXFileReference; lastKnownFileType = image.png; path = disclosure.png; sourceTree = "<group>"; };
		AF6B9A4A184F53E000926842 /* disclosure_open.png */ = {isa = PBXFileReference; lastKnownFileType = image.png; path = disclosure_open.png; sourceTree = "<group>"; };
		AF6B9A4B184F53E000926842 /* library_background.png */ = {isa = PBXFileReference; lastKnownFileType = image.png; path = library_background.png; sourceTree = "<group>"; };
		AF6B9A4C184F53E000926842 /* title_background.png */ = {isa = PBXFileReference; lastKnownFileType = image.png; path = title_background.png; sourceTree = "<group>"; };
		AF6B9A4D184F53E000926842 /* index.html */ = {isa = PBXFileReference; fileEncoding = 4; lastKnownFileType = text.html.documentation; path = index.html; sourceTree = "<group>"; };
		AF6B9A4F184F53E000926842 /* EIConnectionDelegate.html */ = {isa = PBXFileReference; fileEncoding = 4; lastKnownFileType = text.html.documentation; path = EIConnectionDelegate.html; sourceTree = "<group>"; };
		AF6B9A50184F53E000926842 /* EIConnectionServerDelegate.html */ = {isa = PBXFileReference; fileEncoding = 4; lastKnownFileType = text.html.documentation; path = EIConnectionServerDelegate.html; sourceTree = "<group>"; };
		AF6B9A51184F53E000926842 /* EINetConnectionDelegate.html */ = {isa = PBXFileReference; fileEncoding = 4; lastKnownFileType = text.html.documentation; path = EINetConnectionDelegate.html; sourceTree = "<group>"; };
		AF6B9A52184F53E000926842 /* EINetConnectionInStreamDelegate.html */ = {isa = PBXFileReference; fileEncoding = 4; lastKnownFileType = text.html.documentation; path = EINetConnectionInStreamDelegate.html; sourceTree = "<group>"; };
		AF6B9A53184F53E000926842 /* ETConnectServerNotificationsDelegate.html */ = {isa = PBXFileReference; fileEncoding = 4; lastKnownFileType = text.html.documentation; path = ETConnectServerNotificationsDelegate.html; sourceTree = "<group>"; };
		AF6B9A54184F53E000926842 /* Nodes.xml */ = {isa = PBXFileReference; fileEncoding = 4; lastKnownFileType = text.xml; path = Nodes.xml; sourceTree = "<group>"; };
		AF6B9A55184F53E000926842 /* Tokens1.xml */ = {isa = PBXFileReference; fileEncoding = 4; lastKnownFileType = text.xml; path = Tokens1.xml; sourceTree = "<group>"; };
		AF6B9A56184F53E000926842 /* Tokens10.xml */ = {isa = PBXFileReference; fileEncoding = 4; lastKnownFileType = text.xml; path = Tokens10.xml; sourceTree = "<group>"; };
		AF6B9A57184F53E000926842 /* Tokens2.xml */ = {isa = PBXFileReference; fileEncoding = 4; lastKnownFileType = text.xml; path = Tokens2.xml; sourceTree = "<group>"; };
		AF6B9A58184F53E000926842 /* Tokens3.xml */ = {isa = PBXFileReference; fileEncoding = 4; lastKnownFileType = text.xml; path = Tokens3.xml; sourceTree = "<group>"; };
		AF6B9A59184F53E000926842 /* Tokens4.xml */ = {isa = PBXFileReference; fileEncoding = 4; lastKnownFileType = text.xml; path = Tokens4.xml; sourceTree = "<group>"; };
		AF6B9A5A184F53E000926842 /* Tokens5.xml */ = {isa = PBXFileReference; fileEncoding = 4; lastKnownFileType = text.xml; path = Tokens5.xml; sourceTree = "<group>"; };
		AF6B9A5B184F53E000926842 /* Tokens6.xml */ = {isa = PBXFileReference; fileEncoding = 4; lastKnownFileType = text.xml; path = Tokens6.xml; sourceTree = "<group>"; };
		AF6B9A5C184F53E000926842 /* Tokens7.xml */ = {isa = PBXFileReference; fileEncoding = 4; lastKnownFileType = text.xml; path = Tokens7.xml; sourceTree = "<group>"; };
		AF6B9A5D184F53E000926842 /* Tokens8.xml */ = {isa = PBXFileReference; fileEncoding = 4; lastKnownFileType = text.xml; path = Tokens8.xml; sourceTree = "<group>"; };
		AF6B9A5E184F53E000926842 /* Tokens9.xml */ = {isa = PBXFileReference; fileEncoding = 4; lastKnownFileType = text.xml; path = Tokens9.xml; sourceTree = "<group>"; };
		AF6B9A5F184F53E000926842 /* docset-installed.txt */ = {isa = PBXFileReference; fileEncoding = 4; lastKnownFileType = text; path = "docset-installed.txt"; sourceTree = "<group>"; };
		AF6B9A62184F53E000926842 /* EIConnection.html */ = {isa = PBXFileReference; fileEncoding = 4; lastKnownFileType = text.html.documentation; path = EIConnection.html; sourceTree = "<group>"; };
		AF6B9A63184F53E000926842 /* EIConnectionServer.html */ = {isa = PBXFileReference; fileEncoding = 4; lastKnownFileType = text.html.documentation; path = EIConnectionServer.html; sourceTree = "<group>"; };
		AF6B9A64184F53E000926842 /* EIDistantObject.html */ = {isa = PBXFileReference; fileEncoding = 4; lastKnownFileType = text.html.documentation; path = EIDistantObject.html; sourceTree = "<group>"; };
		AF6B9A65184F53E000926842 /* EINetConnection.html */ = {isa = PBXFileReference; fileEncoding = 4; lastKnownFileType = text.html.documentation; path = EINetConnection.html; sourceTree = "<group>"; };
		AF6B9A66184F53E000926842 /* ETConnectServer.html */ = {isa = PBXFileReference; fileEncoding = 4; lastKnownFileType = text.html.documentation; path = ETConnectServer.html; sourceTree = "<group>"; };
		AF6B9A68184F53E000926842 /* styles.css */ = {isa = PBXFileReference; fileEncoding = 4; lastKnownFileType = text.css; path = styles.css; sourceTree = "<group>"; };
		AF6B9A69184F53E000926842 /* stylesPrint.css */ = {isa = PBXFileReference; fileEncoding = 4; lastKnownFileType = text.css; path = stylesPrint.css; sourceTree = "<group>"; };
		AF6B9A6A184F53E000926842 /* hierarchy.html */ = {isa = PBXFileReference; fileEncoding = 4; lastKnownFileType = text.html.documentation; path = hierarchy.html; sourceTree = "<group>"; };
		AF6B9A6C184F53E000926842 /* button_bar_background.png */ = {isa = PBXFileReference; lastKnownFileType = image.png; path = button_bar_background.png; sourceTree = "<group>"; };
		AF6B9A6D184F53E000926842 /* disclosure.png */ = {isa = PBXFileReference; lastKnownFileType = image.png; path = disclosure.png; sourceTree = "<group>"; };
		AF6B9A6E184F53E000926842 /* disclosure_open.png */ = {isa = PBXFileReference; lastKnownFileType = image.png; path = disclosure_open.png; sourceTree = "<group>"; };
		AF6B9A6F184F53E000926842 /* library_background.png */ = {isa = PBXFileReference; lastKnownFileType = image.png; path = library_background.png; sourceTree = "<group>"; };
		AF6B9A70184F53E000926842 /* title_background.png */ = {isa = PBXFileReference; lastKnownFileType = image.png; path = title_background.png; sourceTree = "<group>"; };
		AF6B9A71184F53E000926842 /* index.html */ = {isa = PBXFileReference; fileEncoding = 4; lastKnownFileType = text.html.documentation; path = index.html; sourceTree = "<group>"; };
		AF6B9A73184F53E000926842 /* EIConnectionDelegate.html */ = {isa = PBXFileReference; fileEncoding = 4; lastKnownFileType = text.html.documentation; path = EIConnectionDelegate.html; sourceTree = "<group>"; };
		AF6B9A74184F53E000926842 /* EIConnectionServerDelegate.html */ = {isa = PBXFileReference; fileEncoding = 4; lastKnownFileType = text.html.documentation; path = EIConnectionServerDelegate.html; sourceTree = "<group>"; };
		AF6B9A75184F53E000926842 /* EINetConnectionDelegate.html */ = {isa = PBXFileReference; fileEncoding = 4; lastKnownFileType = text.html.documentation; path = EINetConnectionDelegate.html; sourceTree = "<group>"; };
		AF6B9A76184F53E000926842 /* EINetConnectionInStreamDelegate.html */ = {isa = PBXFileReference; fileEncoding = 4; lastKnownFileType = text.html.documentation; path = EINetConnectionInStreamDelegate.html; sourceTree = "<group>"; };
		AF6B9A77184F53E000926842 /* ETConnectServerNotificationsDelegate.html */ = {isa = PBXFileReference; fileEncoding = 4; lastKnownFileType = text.html.documentation; path = ETConnectServerNotificationsDelegate.html; sourceTree = "<group>"; };
		AFC1D504184A72EB0043204A /* LICENSE */ = {isa = PBXFileReference; fileEncoding = 4; lastKnownFileType = text; path = LICENSE; sourceTree = "<group>"; };
		AFC1D505184A72EB0043204A /* README.md */ = {isa = PBXFileReference; fileEncoding = 4; lastKnownFileType = text; path = README.md; sourceTree = "<group>"; };
		AFDB61CA184DE70C00B1C6E9 /* ESRemoteObject.h */ = {isa = PBXFileReference; fileEncoding = 4; lastKnownFileType = sourcecode.c.h; path = ESRemoteObject.h; sourceTree = "<group>"; };
		AFDB61CB184DE70C00B1C6E9 /* ESRemoteObject.m */ = {isa = PBXFileReference; fileEncoding = 4; lastKnownFileType = sourcecode.c.objc; path = ESRemoteObject.m; sourceTree = "<group>"; };
		AFDB61F3184E0EC300B1C6E9 /* eiShare Icon_0029.png */ = {isa = PBXFileReference; lastKnownFileType = image.png; path = "eiShare Icon_0029.png"; sourceTree = "<group>"; };
		AFDB61F4184E0EC300B1C6E9 /* eiShare Icon_0057.png */ = {isa = PBXFileReference; lastKnownFileType = image.png; path = "eiShare Icon_0057.png"; sourceTree = "<group>"; };
		AFDB61F5184E0EC300B1C6E9 /* eiShare Icon_0058.png */ = {isa = PBXFileReference; lastKnownFileType = image.png; path = "eiShare Icon_0058.png"; sourceTree = "<group>"; };
		AFDB61F6184E0EC300B1C6E9 /* eiShare Icon_0080.png */ = {isa = PBXFileReference; lastKnownFileType = image.png; path = "eiShare Icon_0080.png"; sourceTree = "<group>"; };
		AFDB61F7184E0EC300B1C6E9 /* eiShare Icon_0114.png */ = {isa = PBXFileReference; lastKnownFileType = image.png; path = "eiShare Icon_0114.png"; sourceTree = "<group>"; };
		AFDB61F8184E0EC300B1C6E9 /* eiShare Icon_0120 transparent.png */ = {isa = PBXFileReference; lastKnownFileType = image.png; path = "eiShare Icon_0120 transparent.png"; sourceTree = "<group>"; };
		AFDB61F9184E0EC300B1C6E9 /* eiShare Icon_0120.png */ = {isa = PBXFileReference; lastKnownFileType = image.png; path = "eiShare Icon_0120.png"; sourceTree = "<group>"; };
		AFDB61FA184E0EC300B1C6E9 /* eiShare Icon_0512.png */ = {isa = PBXFileReference; lastKnownFileType = image.png; path = "eiShare Icon_0512.png"; sourceTree = "<group>"; };
		AFDB61FB184E0EC300B1C6E9 /* eiShare Icon_1024.png */ = {isa = PBXFileReference; lastKnownFileType = image.png; path = "eiShare Icon_1024.png"; sourceTree = "<group>"; };
		AFDB6205184E1CB300B1C6E9 /* etDemo Icon_0120 transparent_off.png */ = {isa = PBXFileReference; lastKnownFileType = image.png; path = "etDemo Icon_0120 transparent_off.png"; sourceTree = "<group>"; };
		AFDB6206184E1CB300B1C6E9 /* etDemo Icon_0120 transparent_on.png */ = {isa = PBXFileReference; lastKnownFileType = image.png; path = "etDemo Icon_0120 transparent_on.png"; sourceTree = "<group>"; };
		AFDB6209184E1FC800B1C6E9 /* ESDetailViewController.h */ = {isa = PBXFileReference; fileEncoding = 4; lastKnownFileType = sourcecode.c.h; path = ESDetailViewController.h; sourceTree = "<group>"; };
		AFDB620A184E1FC800B1C6E9 /* ESDetailViewController.m */ = {isa = PBXFileReference; fileEncoding = 4; lastKnownFileType = sourcecode.c.objc; path = ESDetailViewController.m; sourceTree = "<group>"; };
/* End PBXFileReference section */

/* Begin PBXFrameworksBuildPhase section */
		AF401BF4184A70FE0026171A /* Frameworks */ = {
			isa = PBXFrameworksBuildPhase;
			buildActionMask = 2147483647;
			files = (
				AF6B9A30184F30B500926842 /* ETBase.framework in Frameworks */,
				AF401BFD184A70FE0026171A /* CoreGraphics.framework in Frameworks */,
				AF401BFF184A70FE0026171A /* UIKit.framework in Frameworks */,
				AF401BFB184A70FE0026171A /* Foundation.framework in Frameworks */,
				AF6B9A31184F30B500926842 /* ETConnect.framework in Frameworks */,
			);
			runOnlyForDeploymentPostprocessing = 0;
		};
/* End PBXFrameworksBuildPhase section */

/* Begin PBXGroup section */
		AF401BEE184A70FE0026171A = {
			isa = PBXGroup;
			children = (
				AFC1D504184A72EB0043204A /* LICENSE */,
				AFC1D505184A72EB0043204A /* README.md */,
				AF6B9A32184F53BE00926842 /* Documentation */,
				AF401C00184A70FE0026171A /* etConnect-Demo */,
				AF401BF9184A70FE0026171A /* Frameworks */,
				AF401BF8184A70FE0026171A /* Products */,
			);
			sourceTree = "<group>";
		};
		AF401BF8184A70FE0026171A /* Products */ = {
			isa = PBXGroup;
			children = (
				AF401BF7184A70FE0026171A /* etConnect-Demo.app */,
			);
			name = Products;
			sourceTree = "<group>";
		};
		AF401BF9184A70FE0026171A /* Frameworks */ = {
			isa = PBXGroup;
			children = (
				AF6B9A2E184F30B500926842 /* ETBase.framework */,
				AF6B9A2F184F30B500926842 /* ETConnect.framework */,
				AF401BFA184A70FE0026171A /* Foundation.framework */,
				AF401BFC184A70FE0026171A /* CoreGraphics.framework */,
				AF401BFE184A70FE0026171A /* UIKit.framework */,
				AF401C19184A70FE0026171A /* XCTest.framework */,
			);
			name = Frameworks;
			sourceTree = "<group>";
		};
		AF401C00184A70FE0026171A /* etConnect-Demo */ = {
			isa = PBXGroup;
			children = (
				AFDB61F2184E0E6700B1C6E9 /* Resources */,
				AFDB61CA184DE70C00B1C6E9 /* ESRemoteObject.h */,
				AFDB61CB184DE70C00B1C6E9 /* ESRemoteObject.m */,
				AF401C09184A70FE0026171A /* ESAppDelegate.h */,
				AF401C0A184A70FE0026171A /* ESAppDelegate.m */,
				AF401C0C184A70FE0026171A /* Main.storyboard */,
				AFDB6209184E1FC800B1C6E9 /* ESDetailViewController.h */,
				AFDB620A184E1FC800B1C6E9 /* ESDetailViewController.m */,
				AF401C0F184A70FE0026171A /* ESViewController.h */,
				AF401C10184A70FE0026171A /* ESViewController.m */,
				AF401C12184A70FE0026171A /* Images.xcassets */,
				AF401C01184A70FE0026171A /* Supporting Files */,
			);
			path = "etConnect-Demo";
			sourceTree = "<group>";
		};
		AF401C01184A70FE0026171A /* Supporting Files */ = {
			isa = PBXGroup;
			children = (
				AF401C02184A70FE0026171A /* etConnect-Demo-Info.plist */,
				AF401C03184A70FE0026171A /* InfoPlist.strings */,
				AF401C06184A70FE0026171A /* main.m */,
				AF401C08184A70FE0026171A /* etConnect-Demo-Prefix.pch */,
			);
			name = "Supporting Files";
			sourceTree = "<group>";
		};
		AF6B9A32184F53BE00926842 /* Documentation */ = {
			isa = PBXGroup;
			children = (
				AF6B9A33184F53E000926842 /* ETConnect */,
			);
			path = Documentation;
			sourceTree = "<group>";
		};
		AF6B9A33184F53E000926842 /* ETConnect */ = {
			isa = PBXGroup;
			children = (
				AF6B9A34184F53E000926842 /* docset */,
				AF6B9A5F184F53E000926842 /* docset-installed.txt */,
				AF6B9A60184F53E000926842 /* html */,
				AF6B9A78184F53E000926842 /* publish */,
			);
			path = ETConnect;
			sourceTree = "<group>";
		};
		AF6B9A34184F53E000926842 /* docset */ = {
			isa = PBXGroup;
			children = (
				AF6B9A35184F53E000926842 /* Contents */,
			);
			path = docset;
			sourceTree = "<group>";
		};
		AF6B9A35184F53E000926842 /* Contents */ = {
			isa = PBXGroup;
			children = (
				AF6B9A36184F53E000926842 /* Info.plist */,
				AF6B9A37184F53E000926842 /* Resources */,
			);
			path = Contents;
			sourceTree = "<group>";
		};
		AF6B9A37184F53E000926842 /* Resources */ = {
			isa = PBXGroup;
			children = (
				AF6B9A38184F53E000926842 /* docSet.dsidx */,
				AF6B9A39184F53E000926842 /* docSet.mom */,
				AF6B9A3A184F53E000926842 /* docSet.skidx */,
				AF6B9A3B184F53E000926842 /* docSet.toc */,
				AF6B9A3C184F53E000926842 /* Documents */,
				AF6B9A54184F53E000926842 /* Nodes.xml */,
				AF6B9A55184F53E000926842 /* Tokens1.xml */,
				AF6B9A56184F53E000926842 /* Tokens10.xml */,
				AF6B9A57184F53E000926842 /* Tokens2.xml */,
				AF6B9A58184F53E000926842 /* Tokens3.xml */,
				AF6B9A59184F53E000926842 /* Tokens4.xml */,
				AF6B9A5A184F53E000926842 /* Tokens5.xml */,
				AF6B9A5B184F53E000926842 /* Tokens6.xml */,
				AF6B9A5C184F53E000926842 /* Tokens7.xml */,
				AF6B9A5D184F53E000926842 /* Tokens8.xml */,
				AF6B9A5E184F53E000926842 /* Tokens9.xml */,
			);
			path = Resources;
			sourceTree = "<group>";
		};
		AF6B9A3C184F53E000926842 /* Documents */ = {
			isa = PBXGroup;
			children = (
				AF6B9A3D184F53E000926842 /* Classes */,
				AF6B9A43184F53E000926842 /* css */,
				AF6B9A46184F53E000926842 /* hierarchy.html */,
				AF6B9A47184F53E000926842 /* img */,
				AF6B9A4D184F53E000926842 /* index.html */,
				AF6B9A4E184F53E000926842 /* Protocols */,
			);
			path = Documents;
			sourceTree = "<group>";
		};
		AF6B9A3D184F53E000926842 /* Classes */ = {
			isa = PBXGroup;
			children = (
				AF6B9A3E184F53E000926842 /* EIConnection.html */,
				AF6B9A3F184F53E000926842 /* EIConnectionServer.html */,
				AF6B9A40184F53E000926842 /* EIDistantObject.html */,
				AF6B9A41184F53E000926842 /* EINetConnection.html */,
				AF6B9A42184F53E000926842 /* ETConnectServer.html */,
			);
			path = Classes;
			sourceTree = "<group>";
		};
		AF6B9A43184F53E000926842 /* css */ = {
			isa = PBXGroup;
			children = (
				AF6B9A44184F53E000926842 /* styles.css */,
				AF6B9A45184F53E000926842 /* stylesPrint.css */,
			);
			path = css;
			sourceTree = "<group>";
		};
		AF6B9A47184F53E000926842 /* img */ = {
			isa = PBXGroup;
			children = (
				AF6B9A48184F53E000926842 /* button_bar_background.png */,
				AF6B9A49184F53E000926842 /* disclosure.png */,
				AF6B9A4A184F53E000926842 /* disclosure_open.png */,
				AF6B9A4B184F53E000926842 /* library_background.png */,
				AF6B9A4C184F53E000926842 /* title_background.png */,
			);
			path = img;
			sourceTree = "<group>";
		};
		AF6B9A4E184F53E000926842 /* Protocols */ = {
			isa = PBXGroup;
			children = (
				AF6B9A4F184F53E000926842 /* EIConnectionDelegate.html */,
				AF6B9A50184F53E000926842 /* EIConnectionServerDelegate.html */,
				AF6B9A51184F53E000926842 /* EINetConnectionDelegate.html */,
				AF6B9A52184F53E000926842 /* EINetConnectionInStreamDelegate.html */,
				AF6B9A53184F53E000926842 /* ETConnectServerNotificationsDelegate.html */,
			);
			path = Protocols;
			sourceTree = "<group>";
		};
		AF6B9A60184F53E000926842 /* html */ = {
			isa = PBXGroup;
			children = (
				AF6B9A61184F53E000926842 /* Classes */,
				AF6B9A67184F53E000926842 /* css */,
				AF6B9A6A184F53E000926842 /* hierarchy.html */,
				AF6B9A6B184F53E000926842 /* img */,
				AF6B9A71184F53E000926842 /* index.html */,
				AF6B9A72184F53E000926842 /* Protocols */,
			);
			path = html;
			sourceTree = "<group>";
		};
		AF6B9A61184F53E000926842 /* Classes */ = {
			isa = PBXGroup;
			children = (
				AF6B9A62184F53E000926842 /* EIConnection.html */,
				AF6B9A63184F53E000926842 /* EIConnectionServer.html */,
				AF6B9A64184F53E000926842 /* EIDistantObject.html */,
				AF6B9A65184F53E000926842 /* EINetConnection.html */,
				AF6B9A66184F53E000926842 /* ETConnectServer.html */,
			);
			path = Classes;
			sourceTree = "<group>";
		};
		AF6B9A67184F53E000926842 /* css */ = {
			isa = PBXGroup;
			children = (
				AF6B9A68184F53E000926842 /* styles.css */,
				AF6B9A69184F53E000926842 /* stylesPrint.css */,
			);
			path = css;
			sourceTree = "<group>";
		};
		AF6B9A6B184F53E000926842 /* img */ = {
			isa = PBXGroup;
			children = (
				AF6B9A6C184F53E000926842 /* button_bar_background.png */,
				AF6B9A6D184F53E000926842 /* disclosure.png */,
				AF6B9A6E184F53E000926842 /* disclosure_open.png */,
				AF6B9A6F184F53E000926842 /* library_background.png */,
				AF6B9A70184F53E000926842 /* title_background.png */,
			);
			path = img;
			sourceTree = "<group>";
		};
		AF6B9A72184F53E000926842 /* Protocols */ = {
			isa = PBXGroup;
			children = (
				AF6B9A73184F53E000926842 /* EIConnectionDelegate.html */,
				AF6B9A74184F53E000926842 /* EIConnectionServerDelegate.html */,
				AF6B9A75184F53E000926842 /* EINetConnectionDelegate.html */,
				AF6B9A76184F53E000926842 /* EINetConnectionInStreamDelegate.html */,
				AF6B9A77184F53E000926842 /* ETConnectServerNotificationsDelegate.html */,
			);
			path = Protocols;
			sourceTree = "<group>";
		};
		AF6B9A78184F53E000926842 /* publish */ = {
			isa = PBXGroup;
			children = (
			);
			path = publish;
			sourceTree = "<group>";
		};
		AFDB61F2184E0E6700B1C6E9 /* Resources */ = {
			isa = PBXGroup;
			children = (
				AFDB6205184E1CB300B1C6E9 /* etDemo Icon_0120 transparent_off.png */,
				AFDB6206184E1CB300B1C6E9 /* etDemo Icon_0120 transparent_on.png */,
				AFDB61F3184E0EC300B1C6E9 /* eiShare Icon_0029.png */,
				AFDB61F4184E0EC300B1C6E9 /* eiShare Icon_0057.png */,
				AFDB61F5184E0EC300B1C6E9 /* eiShare Icon_0058.png */,
				AFDB61F6184E0EC300B1C6E9 /* eiShare Icon_0080.png */,
				AFDB61F7184E0EC300B1C6E9 /* eiShare Icon_0114.png */,
				AFDB61F8184E0EC300B1C6E9 /* eiShare Icon_0120 transparent.png */,
				AFDB61F9184E0EC300B1C6E9 /* eiShare Icon_0120.png */,
				AFDB61FA184E0EC300B1C6E9 /* eiShare Icon_0512.png */,
				AFDB61FB184E0EC300B1C6E9 /* eiShare Icon_1024.png */,
			);
			path = Resources;
			sourceTree = "<group>";
		};
/* End PBXGroup section */

/* Begin PBXNativeTarget section */
		AF401BF6184A70FE0026171A /* etConnect-Demo */ = {
			isa = PBXNativeTarget;
			buildConfigurationList = AF401C29184A70FE0026171A /* Build configuration list for PBXNativeTarget "etConnect-Demo" */;
			buildPhases = (
				AF401BF3184A70FE0026171A /* Sources */,
				AF401BF4184A70FE0026171A /* Frameworks */,
				AF401BF5184A70FE0026171A /* Resources */,
			);
			buildRules = (
			);
			dependencies = (
			);
			name = "etConnect-Demo";
			productName = "etConnect-Demo";
			productReference = AF401BF7184A70FE0026171A /* etConnect-Demo.app */;
			productType = "com.apple.product-type.application";
		};
/* End PBXNativeTarget section */

/* Begin PBXProject section */
		AF401BEF184A70FE0026171A /* Project object */ = {
			isa = PBXProject;
			attributes = {
				CLASSPREFIX = ES;
				LastUpgradeCheck = 0500;
				ORGANIZATIONNAME = "eitap Technologies GmbH";
			};
			buildConfigurationList = AF401BF2184A70FE0026171A /* Build configuration list for PBXProject "etConnect-Demo" */;
			compatibilityVersion = "Xcode 3.2";
			developmentRegion = English;
			hasScannedForEncodings = 0;
			knownRegions = (
				en,
				Base,
			);
			mainGroup = AF401BEE184A70FE0026171A;
			productRefGroup = AF401BF8184A70FE0026171A /* Products */;
			projectDirPath = "";
			projectRoot = "";
			targets = (
				AF401BF6184A70FE0026171A /* etConnect-Demo */,
			);
		};
/* End PBXProject section */

/* Begin PBXResourcesBuildPhase section */
		AF401BF5184A70FE0026171A /* Resources */ = {
			isa = PBXResourcesBuildPhase;
			buildActionMask = 2147483647;
			files = (
				AFDB6204184E0EC300B1C6E9 /* eiShare Icon_1024.png in Resources */,
				AF6B9AA8184F53E000926842 /* library_background.png in Resources */,
				AF6B9A89184F53E000926842 /* library_background.png in Resources */,
				AF6B9AA4184F53E000926842 /* hierarchy.html in Resources */,
				AF6B9A82184F53E000926842 /* ETConnectServer.html in Resources */,
				AF6B9AAA184F53E000926842 /* index.html in Resources */,
				AF6B9A97184F53E000926842 /* Tokens5.xml in Resources */,
				AFDB61FC184E0EC300B1C6E9 /* eiShare Icon_0029.png in Resources */,
				AF6B9AA3184F53E000926842 /* stylesPrint.css in Resources */,
				AF6B9A86184F53E000926842 /* button_bar_background.png in Resources */,
				AF6B9A9A184F53E000926842 /* Tokens8.xml in Resources */,
				AF6B9A98184F53E000926842 /* Tokens6.xml in Resources */,
				AF6B9A88184F53E000926842 /* disclosure_open.png in Resources */,
				AF6B9A83184F53E000926842 /* styles.css in Resources */,
				AF6B9A9B184F53E000926842 /* Tokens9.xml in Resources */,
				AF6B9AA9184F53E000926842 /* title_background.png in Resources */,
				AF6B9A95184F53E000926842 /* Tokens3.xml in Resources */,
				AF6B9A92184F53E000926842 /* Tokens1.xml in Resources */,
				AF6B9AA2184F53E000926842 /* styles.css in Resources */,
				AF6B9AA5184F53E000926842 /* button_bar_background.png in Resources */,
				AFDB6201184E0EC300B1C6E9 /* eiShare Icon_0120 transparent.png in Resources */,
				AF6B9A8A184F53E000926842 /* title_background.png in Resources */,
				AF6B9A93184F53E000926842 /* Tokens10.xml in Resources */,
				AFDB6203184E0EC300B1C6E9 /* eiShare Icon_0512.png in Resources */,
				AFDB61FD184E0EC300B1C6E9 /* eiShare Icon_0057.png in Resources */,
				AF6B9A80184F53E000926842 /* EIDistantObject.html in Resources */,
				AF6B9A8B184F53E000926842 /* index.html in Resources */,
				AF6B9AA7184F53E000926842 /* disclosure_open.png in Resources */,
				AF6B9A7D184F53E000926842 /* docSet.toc in Resources */,
				AF6B9A87184F53E000926842 /* disclosure.png in Resources */,
				AF6B9A96184F53E000926842 /* Tokens4.xml in Resources */,
				AF6B9A9C184F53E000926842 /* docset-installed.txt in Resources */,
				AF6B9A7C184F53E000926842 /* docSet.skidx in Resources */,
				AF401C13184A70FE0026171A /* Images.xcassets in Resources */,
				AF6B9AA6184F53E000926842 /* disclosure.png in Resources */,
				AF6B9A9D184F53E000926842 /* EIConnection.html in Resources */,
				AFDB6202184E0EC300B1C6E9 /* eiShare Icon_0120.png in Resources */,
				AFDB6207184E1CB300B1C6E9 /* etDemo Icon_0120 transparent_off.png in Resources */,
				AF6B9AAE184F53E000926842 /* EINetConnectionInStreamDelegate.html in Resources */,
				AF6B9A8E184F53E000926842 /* EINetConnectionDelegate.html in Resources */,
				AF6B9A8C184F53E000926842 /* EIConnectionDelegate.html in Resources */,
				AF6B9A7A184F53E000926842 /* docSet.dsidx in Resources */,
				AF6B9AA0184F53E000926842 /* EINetConnection.html in Resources */,
				AF6B9AAD184F53E000926842 /* EINetConnectionDelegate.html in Resources */,
				AF6B9A99184F53E000926842 /* Tokens7.xml in Resources */,
				AF6B9A94184F53E000926842 /* Tokens2.xml in Resources */,
				AF6B9A81184F53E000926842 /* EINetConnection.html in Resources */,
				AF6B9A9F184F53E000926842 /* EIDistantObject.html in Resources */,
				AF6B9A9E184F53E000926842 /* EIConnectionServer.html in Resources */,
				AF6B9A79184F53E000926842 /* Info.plist in Resources */,
				AF401C05184A70FE0026171A /* InfoPlist.strings in Resources */,
				AFDB6208184E1CB300B1C6E9 /* etDemo Icon_0120 transparent_on.png in Resources */,
				AFDB61FE184E0EC300B1C6E9 /* eiShare Icon_0058.png in Resources */,
				AF6B9A84184F53E000926842 /* stylesPrint.css in Resources */,
				AF6B9AAB184F53E000926842 /* EIConnectionDelegate.html in Resources */,
				AF6B9A91184F53E000926842 /* Nodes.xml in Resources */,
				AF6B9AA1184F53E000926842 /* ETConnectServer.html in Resources */,
				AF6B9A8F184F53E000926842 /* EINetConnectionInStreamDelegate.html in Resources */,
				AF6B9A7F184F53E000926842 /* EIConnectionServer.html in Resources */,
				AFDB61FF184E0EC300B1C6E9 /* eiShare Icon_0080.png in Resources */,
				AF6B9AAC184F53E000926842 /* EIConnectionServerDelegate.html in Resources */,
				AF6B9A90184F53E000926842 /* ETConnectServerNotificationsDelegate.html in Resources */,
				AF401C0E184A70FE0026171A /* Main.storyboard in Resources */,
				AFDB6200184E0EC300B1C6E9 /* eiShare Icon_0114.png in Resources */,
				AF6B9A7E184F53E000926842 /* EIConnection.html in Resources */,
				AF6B9AAF184F53E000926842 /* ETConnectServerNotificationsDelegate.html in Resources */,
				AF6B9A85184F53E000926842 /* hierarchy.html in Resources */,
				AF6B9A7B184F53E000926842 /* docSet.mom in Resources */,
				AF6B9A8D184F53E000926842 /* EIConnectionServerDelegate.html in Resources */,
			);
			runOnlyForDeploymentPostprocessing = 0;
		};
/* End PBXResourcesBuildPhase section */

/* Begin PBXSourcesBuildPhase section */
		AF401BF3184A70FE0026171A /* Sources */ = {
			isa = PBXSourcesBuildPhase;
			buildActionMask = 2147483647;
			files = (
				AF401C11184A70FE0026171A /* ESViewController.m in Sources */,
				AF401C0B184A70FE0026171A /* ESAppDelegate.m in Sources */,
				AFDB61CC184DE70C00B1C6E9 /* ESRemoteObject.m in Sources */,
				AF401C07184A70FE0026171A /* main.m in Sources */,
				AFDB620B184E1FC800B1C6E9 /* ESDetailViewController.m in Sources */,
			);
			runOnlyForDeploymentPostprocessing = 0;
		};
/* End PBXSourcesBuildPhase section */

/* Begin PBXVariantGroup section */
		AF401C03184A70FE0026171A /* InfoPlist.strings */ = {
			isa = PBXVariantGroup;
			children = (
				AF401C04184A70FE0026171A /* en */,
			);
			name = InfoPlist.strings;
			sourceTree = "<group>";
		};
		AF401C0C184A70FE0026171A /* Main.storyboard */ = {
			isa = PBXVariantGroup;
			children = (
				AF401C0D184A70FE0026171A /* Base */,
			);
			name = Main.storyboard;
			sourceTree = "<group>";
		};
/* End PBXVariantGroup section */

/* Begin XCBuildConfiguration section */
		AF401C27184A70FE0026171A /* Debug */ = {
			isa = XCBuildConfiguration;
			buildSettings = {
				ALWAYS_SEARCH_USER_PATHS = NO;
				ARCHS = "$(ARCHS_STANDARD_INCLUDING_64_BIT)";
				CLANG_CXX_LANGUAGE_STANDARD = "gnu++0x";
				CLANG_CXX_LIBRARY = "libc++";
				CLANG_ENABLE_MODULES = YES;
				CLANG_ENABLE_OBJC_ARC = YES;
				CLANG_WARN_BOOL_CONVERSION = YES;
				CLANG_WARN_CONSTANT_CONVERSION = YES;
				CLANG_WARN_DIRECT_OBJC_ISA_USAGE = YES_ERROR;
				CLANG_WARN_EMPTY_BODY = YES;
				CLANG_WARN_ENUM_CONVERSION = YES;
				CLANG_WARN_INT_CONVERSION = YES;
				CLANG_WARN_OBJC_ROOT_CLASS = YES_ERROR;
				CLANG_WARN__DUPLICATE_METHOD_MATCH = YES;
				"CODE_SIGN_IDENTITY[sdk=iphoneos*]" = "iPhone Developer";
				COPY_PHASE_STRIP = NO;
				FRAMEWORK_SEARCH_PATHS = "$(PROJECT_DIR)";
				GCC_C_LANGUAGE_STANDARD = gnu99;
				GCC_DYNAMIC_NO_PIC = NO;
				GCC_OPTIMIZATION_LEVEL = 0;
				GCC_PREPROCESSOR_DEFINITIONS = (
					"DEBUG=1",
					"$(inherited)",
				);
				GCC_SYMBOLS_PRIVATE_EXTERN = NO;
				GCC_WARN_64_TO_32_BIT_CONVERSION = YES;
				GCC_WARN_ABOUT_RETURN_TYPE = YES_ERROR;
				GCC_WARN_UNDECLARED_SELECTOR = YES;
				GCC_WARN_UNINITIALIZED_AUTOS = YES;
				GCC_WARN_UNUSED_FUNCTION = YES;
				GCC_WARN_UNUSED_VARIABLE = YES;
				IPHONEOS_DEPLOYMENT_TARGET = 6.0;
				ONLY_ACTIVE_ARCH = YES;
				SDKROOT = iphoneos;
			};
			name = Debug;
		};
		AF401C28184A70FE0026171A /* Release */ = {
			isa = XCBuildConfiguration;
			buildSettings = {
				ALWAYS_SEARCH_USER_PATHS = NO;
				ARCHS = "$(ARCHS_STANDARD_INCLUDING_64_BIT)";
				CLANG_CXX_LANGUAGE_STANDARD = "gnu++0x";
				CLANG_CXX_LIBRARY = "libc++";
				CLANG_ENABLE_MODULES = YES;
				CLANG_ENABLE_OBJC_ARC = YES;
				CLANG_WARN_BOOL_CONVERSION = YES;
				CLANG_WARN_CONSTANT_CONVERSION = YES;
				CLANG_WARN_DIRECT_OBJC_ISA_USAGE = YES_ERROR;
				CLANG_WARN_EMPTY_BODY = YES;
				CLANG_WARN_ENUM_CONVERSION = YES;
				CLANG_WARN_INT_CONVERSION = YES;
				CLANG_WARN_OBJC_ROOT_CLASS = YES_ERROR;
				CLANG_WARN__DUPLICATE_METHOD_MATCH = YES;
				"CODE_SIGN_IDENTITY[sdk=iphoneos*]" = "iPhone Developer";
				COPY_PHASE_STRIP = YES;
				ENABLE_NS_ASSERTIONS = NO;
				FRAMEWORK_SEARCH_PATHS = "$(PROJECT_DIR)";
				GCC_C_LANGUAGE_STANDARD = gnu99;
				GCC_WARN_64_TO_32_BIT_CONVERSION = YES;
				GCC_WARN_ABOUT_RETURN_TYPE = YES_ERROR;
				GCC_WARN_UNDECLARED_SELECTOR = YES;
				GCC_WARN_UNINITIALIZED_AUTOS = YES;
				GCC_WARN_UNUSED_FUNCTION = YES;
				GCC_WARN_UNUSED_VARIABLE = YES;
				IPHONEOS_DEPLOYMENT_TARGET = 6.0;
				SDKROOT = iphoneos;
				VALIDATE_PRODUCT = YES;
			};
			name = Release;
		};
		AF401C2A184A70FE0026171A /* Debug */ = {
			isa = XCBuildConfiguration;
			buildSettings = {
				ARCHS = "$(ARCHS_STANDARD)";
				ASSETCATALOG_COMPILER_APPICON_NAME = AppIcon;
				ASSETCATALOG_COMPILER_LAUNCHIMAGE_NAME = LaunchImage;
				ASSETCATALOG_WARNINGS = NO;
				CLANG_ENABLE_OBJC_ARC = NO;
				FRAMEWORK_SEARCH_PATHS = (
					"$(inherited)",
					"$(Project)",
				);
				GCC_PRECOMPILE_PREFIX_HEADER = YES;
				GCC_PREFIX_HEADER = "etConnect-Demo/etConnect-Demo-Prefix.pch";
				IBSC_ERRORS = YES;
				IBSC_NOTICES = NO;
				IBSC_WARNINGS = NO;
				INFOPLIST_FILE = "etConnect-Demo/etConnect-Demo-Info.plist";
				OTHER_LDFLAGS = "-ObjC";
				PRODUCT_NAME = "$(TARGET_NAME)";
				VALID_ARCHS = "armv7 armv7s";
				WRAPPER_EXTENSION = app;
			};
			name = Debug;
		};
		AF401C2B184A70FE0026171A /* Release */ = {
			isa = XCBuildConfiguration;
			buildSettings = {
				ARCHS = "$(ARCHS_STANDARD)";
				ASSETCATALOG_COMPILER_APPICON_NAME = AppIcon;
				ASSETCATALOG_COMPILER_LAUNCHIMAGE_NAME = LaunchImage;
				ASSETCATALOG_WARNINGS = NO;
				CLANG_ENABLE_OBJC_ARC = NO;
				FRAMEWORK_SEARCH_PATHS = (
					"$(inherited)",
					"$(Project)",
				);
				GCC_PRECOMPILE_PREFIX_HEADER = YES;
				GCC_PREFIX_HEADER = "etConnect-Demo/etConnect-Demo-Prefix.pch";
				IBSC_ERRORS = YES;
				IBSC_NOTICES = NO;
				IBSC_WARNINGS = NO;
				INFOPLIST_FILE = "etConnect-Demo/etConnect-Demo-Info.plist";
				OTHER_LDFLAGS = "-ObjC";
				PRODUCT_NAME = "$(TARGET_NAME)";
				VALID_ARCHS = "armv7 armv7s";
				WRAPPER_EXTENSION = app;
			};
			name = Release;
		};
/* End XCBuildConfiguration section */

/* Begin XCConfigurationList section */
		AF401BF2184A70FE0026171A /* Build configuration list for PBXProject "etConnect-Demo" */ = {
			isa = XCConfigurationList;
			buildConfigurations = (
				AF401C27184A70FE0026171A /* Debug */,
				AF401C28184A70FE0026171A /* Release */,
			);
			defaultConfigurationIsVisible = 0;
			defaultConfigurationName = Release;
		};
		AF401C29184A70FE0026171A /* Build configuration list for PBXNativeTarget "etConnect-Demo" */ = {
			isa = XCConfigurationList;
			buildConfigurations = (
				AF401C2A184A70FE0026171A /* Debug */,
				AF401C2B184A70FE0026171A /* Release */,
			);
			defaultConfigurationIsVisible = 0;
			defaultConfigurationName = Release;
		};
/* End XCConfigurationList section */
	};
	rootObject = AF401BEF184A70FE0026171A /* Project object */;
}
